// !$*UTF8*$!
{
	archiveVersion = 1;
	classes = {
	};
	objectVersion = 46;
	objects = {

/* Begin PBXBuildFile section */
		B129E2C6147D53FF001A465D /* QuartzCore.framework in Frameworks */ = {isa = PBXBuildFile; fileRef = B129E2C5147D53FF001A465D /* QuartzCore.framework */; };
		B129E2C8147D53FF001A465D /* OpenGLES.framework in Frameworks */ = {isa = PBXBuildFile; fileRef = B129E2C7147D53FF001A465D /* OpenGLES.framework */; };
		B129E2CA147D53FF001A465D /* OpenAL.framework in Frameworks */ = {isa = PBXBuildFile; fileRef = B129E2C9147D53FF001A465D /* OpenAL.framework */; };
		B129E2CC147D53FF001A465D /* AudioToolbox.framework in Frameworks */ = {isa = PBXBuildFile; fileRef = B129E2CB147D53FF001A465D /* AudioToolbox.framework */; };
		B129E2CE147D53FF001A465D /* AVFoundation.framework in Frameworks */ = {isa = PBXBuildFile; fileRef = B129E2CD147D53FF001A465D /* AVFoundation.framework */; };
		B129E2D0147D53FF001A465D /* UIKit.framework in Frameworks */ = {isa = PBXBuildFile; fileRef = B129E2CF147D53FF001A465D /* UIKit.framework */; };
		B129E2D2147D53FF001A465D /* Foundation.framework in Frameworks */ = {isa = PBXBuildFile; fileRef = B129E2D1147D53FF001A465D /* Foundation.framework */; };
		B129E2D4147D53FF001A465D /* CoreGraphics.framework in Frameworks */ = {isa = PBXBuildFile; fileRef = B129E2D3147D53FF001A465D /* CoreGraphics.framework */; };
		B129E2D8147D53FF001A465D /* Default.png in Resources */ = {isa = PBXBuildFile; fileRef = B129E2D7147D53FF001A465D /* Default.png */; };
		B129E2DA147D53FF001A465D /* fps_images.png in Resources */ = {isa = PBXBuildFile; fileRef = B129E2D9147D53FF001A465D /* fps_images.png */; };
		B129E2DC147D53FF001A465D /* Icon-72.png in Resources */ = {isa = PBXBuildFile; fileRef = B129E2DB147D53FF001A465D /* Icon-72.png */; };
		B129E2DE147D53FF001A465D /* Icon-Small-50.png in Resources */ = {isa = PBXBuildFile; fileRef = B129E2DD147D53FF001A465D /* Icon-Small-50.png */; };
		B129E2E0147D53FF001A465D /* Icon-Small.png in Resources */ = {isa = PBXBuildFile; fileRef = B129E2DF147D53FF001A465D /* Icon-Small.png */; };
		B129E2E2147D53FF001A465D /* Icon-Small@2x.png in Resources */ = {isa = PBXBuildFile; fileRef = B129E2E1147D53FF001A465D /* Icon-Small@2x.png */; };
		B129E2E4147D53FF001A465D /* Icon.png in Resources */ = {isa = PBXBuildFile; fileRef = B129E2E3147D53FF001A465D /* Icon.png */; };
		B129E2E6147D53FF001A465D /* Icon@2x.png in Resources */ = {isa = PBXBuildFile; fileRef = B129E2E5147D53FF001A465D /* Icon@2x.png */; };
		B129E2E9147D53FF001A465D /* iTunesArtwork in Resources */ = {isa = PBXBuildFile; fileRef = B129E2E8147D53FF001A465D /* iTunesArtwork */; };
		B129E2EE147D53FF001A465D /* CCAction.m in Sources */ = {isa = PBXBuildFile; fileRef = B129E2ED147D53FF001A465D /* CCAction.m */; };
		B129E2F1147D53FF001A465D /* CCActionCamera.m in Sources */ = {isa = PBXBuildFile; fileRef = B129E2F0147D53FF001A465D /* CCActionCamera.m */; };
		B129E2F4147D53FF001A465D /* CCActionEase.m in Sources */ = {isa = PBXBuildFile; fileRef = B129E2F3147D53FF001A465D /* CCActionEase.m */; };
		B129E2F7147D53FF001A465D /* CCActionGrid.m in Sources */ = {isa = PBXBuildFile; fileRef = B129E2F6147D53FF001A465D /* CCActionGrid.m */; };
		B129E2FA147D53FF001A465D /* CCActionGrid3D.m in Sources */ = {isa = PBXBuildFile; fileRef = B129E2F9147D53FF001A465D /* CCActionGrid3D.m */; };
		B129E2FD147D53FF001A465D /* CCActionInstant.m in Sources */ = {isa = PBXBuildFile; fileRef = B129E2FC147D53FF001A465D /* CCActionInstant.m */; };
		B129E300147D53FF001A465D /* CCActionInterval.m in Sources */ = {isa = PBXBuildFile; fileRef = B129E2FF147D53FF001A465D /* CCActionInterval.m */; };
		B129E303147D53FF001A465D /* CCActionManager.m in Sources */ = {isa = PBXBuildFile; fileRef = B129E302147D53FF001A465D /* CCActionManager.m */; };
		B129E306147D53FF001A465D /* CCActionPageTurn3D.m in Sources */ = {isa = PBXBuildFile; fileRef = B129E305147D53FF001A465D /* CCActionPageTurn3D.m */; };
		B129E309147D53FF001A465D /* CCActionProgressTimer.m in Sources */ = {isa = PBXBuildFile; fileRef = B129E308147D53FF001A465D /* CCActionProgressTimer.m */; };
		B129E30C147D53FF001A465D /* CCActionTiledGrid.m in Sources */ = {isa = PBXBuildFile; fileRef = B129E30B147D53FF001A465D /* CCActionTiledGrid.m */; };
		B129E30F147D53FF001A465D /* CCActionTween.m in Sources */ = {isa = PBXBuildFile; fileRef = B129E30E147D53FF001A465D /* CCActionTween.m */; };
		B129E312147D53FF001A465D /* CCAnimation.m in Sources */ = {isa = PBXBuildFile; fileRef = B129E311147D53FF001A465D /* CCAnimation.m */; };
		B129E315147D53FF001A465D /* CCAnimationCache.m in Sources */ = {isa = PBXBuildFile; fileRef = B129E314147D53FF001A465D /* CCAnimationCache.m */; };
		B129E318147D53FF001A465D /* CCAtlasNode.m in Sources */ = {isa = PBXBuildFile; fileRef = B129E317147D53FF001A465D /* CCAtlasNode.m */; };
		B129E31B147D53FF001A465D /* CCBlockSupport.m in Sources */ = {isa = PBXBuildFile; fileRef = B129E31A147D53FF001A465D /* CCBlockSupport.m */; };
		B129E31E147D53FF001A465D /* CCCamera.m in Sources */ = {isa = PBXBuildFile; fileRef = B129E31D147D53FF001A465D /* CCCamera.m */; };
		B129E322147D53FF001A465D /* CCConfiguration.m in Sources */ = {isa = PBXBuildFile; fileRef = B129E321147D53FF001A465D /* CCConfiguration.m */; };
		B129E325147D53FF001A465D /* CCDirector.m in Sources */ = {isa = PBXBuildFile; fileRef = B129E324147D53FF001A465D /* CCDirector.m */; };
		B129E328147D53FF001A465D /* CCDrawingPrimitives.m in Sources */ = {isa = PBXBuildFile; fileRef = B129E327147D53FF001A465D /* CCDrawingPrimitives.m */; };
		B129E32B147D53FF001A465D /* CCGrabber.m in Sources */ = {isa = PBXBuildFile; fileRef = B129E32A147D53FF001A465D /* CCGrabber.m */; };
		B129E32E147D53FF001A465D /* CCGrid.m in Sources */ = {isa = PBXBuildFile; fileRef = B129E32D147D53FF001A465D /* CCGrid.m */; };
		B129E331147D53FF001A465D /* CCLabelAtlas.m in Sources */ = {isa = PBXBuildFile; fileRef = B129E330147D53FF001A465D /* CCLabelAtlas.m */; };
		B129E334147D53FF001A465D /* CCLabelBMFont.m in Sources */ = {isa = PBXBuildFile; fileRef = B129E333147D53FF001A465D /* CCLabelBMFont.m */; };
		B129E337147D53FF001A465D /* CCLabelTTF.m in Sources */ = {isa = PBXBuildFile; fileRef = B129E336147D53FF001A465D /* CCLabelTTF.m */; };
		B129E33A147D53FF001A465D /* CCLayer.m in Sources */ = {isa = PBXBuildFile; fileRef = B129E339147D53FF001A465D /* CCLayer.m */; };
		B129E33E147D53FF001A465D /* CCMenu.m in Sources */ = {isa = PBXBuildFile; fileRef = B129E33D147D53FF001A465D /* CCMenu.m */; };
		B129E341147D53FF001A465D /* CCMenuItem.m in Sources */ = {isa = PBXBuildFile; fileRef = B129E340147D53FF001A465D /* CCMenuItem.m */; };
		B129E344147D53FF001A465D /* CCMotionStreak.m in Sources */ = {isa = PBXBuildFile; fileRef = B129E343147D53FF001A465D /* CCMotionStreak.m */; };
		B129E347147D53FF001A465D /* CCNode.m in Sources */ = {isa = PBXBuildFile; fileRef = B129E346147D53FF001A465D /* CCNode.m */; };
		B129E34A147D53FF001A465D /* CCParallaxNode.m in Sources */ = {isa = PBXBuildFile; fileRef = B129E349147D53FF001A465D /* CCParallaxNode.m */; };
		B129E34D147D53FF001A465D /* CCParticleExamples.m in Sources */ = {isa = PBXBuildFile; fileRef = B129E34C147D53FF001A465D /* CCParticleExamples.m */; };
		B129E350147D53FF001A465D /* CCParticleSystem.m in Sources */ = {isa = PBXBuildFile; fileRef = B129E34F147D53FF001A465D /* CCParticleSystem.m */; };
		B129E353147D53FF001A465D /* CCParticleSystemPoint.m in Sources */ = {isa = PBXBuildFile; fileRef = B129E352147D53FF001A465D /* CCParticleSystemPoint.m */; };
		B129E356147D53FF001A465D /* CCParticleSystemQuad.m in Sources */ = {isa = PBXBuildFile; fileRef = B129E355147D53FF001A465D /* CCParticleSystemQuad.m */; };
		B129E359147D53FF001A465D /* CCProgressTimer.m in Sources */ = {isa = PBXBuildFile; fileRef = B129E358147D53FF001A465D /* CCProgressTimer.m */; };
		B129E35D147D53FF001A465D /* CCRenderTexture.m in Sources */ = {isa = PBXBuildFile; fileRef = B129E35C147D53FF001A465D /* CCRenderTexture.m */; };
		B129E360147D53FF001A465D /* CCRibbon.m in Sources */ = {isa = PBXBuildFile; fileRef = B129E35F147D53FF001A465D /* CCRibbon.m */; };
		B129E363147D53FF001A465D /* CCScene.m in Sources */ = {isa = PBXBuildFile; fileRef = B129E362147D53FF001A465D /* CCScene.m */; };
		B129E366147D53FF001A465D /* CCScheduler.m in Sources */ = {isa = PBXBuildFile; fileRef = B129E365147D53FF001A465D /* CCScheduler.m */; };
		B129E369147D53FF001A465D /* CCSprite.m in Sources */ = {isa = PBXBuildFile; fileRef = B129E368147D53FF001A465D /* CCSprite.m */; };
		B129E36C147D53FF001A465D /* CCSpriteBatchNode.m in Sources */ = {isa = PBXBuildFile; fileRef = B129E36B147D53FF001A465D /* CCSpriteBatchNode.m */; };
		B129E36F147D53FF001A465D /* CCSpriteFrame.m in Sources */ = {isa = PBXBuildFile; fileRef = B129E36E147D53FF001A465D /* CCSpriteFrame.m */; };
		B129E372147D53FF001A465D /* CCSpriteFrameCache.m in Sources */ = {isa = PBXBuildFile; fileRef = B129E371147D53FF001A465D /* CCSpriteFrameCache.m */; };
		B129E375147D53FF001A465D /* CCTexture2D.m in Sources */ = {isa = PBXBuildFile; fileRef = B129E374147D53FF001A465D /* CCTexture2D.m */; };
		B129E378147D53FF001A465D /* CCTextureAtlas.m in Sources */ = {isa = PBXBuildFile; fileRef = B129E377147D53FF001A465D /* CCTextureAtlas.m */; };
		B129E37B147D5400001A465D /* CCTextureCache.m in Sources */ = {isa = PBXBuildFile; fileRef = B129E37A147D5400001A465D /* CCTextureCache.m */; };
		B129E37E147D5400001A465D /* CCTexturePVR.m in Sources */ = {isa = PBXBuildFile; fileRef = B129E37D147D5400001A465D /* CCTexturePVR.m */; };
		B129E381147D5400001A465D /* CCTileMapAtlas.m in Sources */ = {isa = PBXBuildFile; fileRef = B129E380147D5400001A465D /* CCTileMapAtlas.m */; };
		B129E384147D5400001A465D /* CCTMXLayer.m in Sources */ = {isa = PBXBuildFile; fileRef = B129E383147D5400001A465D /* CCTMXLayer.m */; };
		B129E387147D5400001A465D /* CCTMXObjectGroup.m in Sources */ = {isa = PBXBuildFile; fileRef = B129E386147D5400001A465D /* CCTMXObjectGroup.m */; };
		B129E38A147D5400001A465D /* CCTMXTiledMap.m in Sources */ = {isa = PBXBuildFile; fileRef = B129E389147D5400001A465D /* CCTMXTiledMap.m */; };
		B129E38D147D5400001A465D /* CCTMXXMLParser.m in Sources */ = {isa = PBXBuildFile; fileRef = B129E38C147D5400001A465D /* CCTMXXMLParser.m */; };
		B129E390147D5400001A465D /* CCTransition.m in Sources */ = {isa = PBXBuildFile; fileRef = B129E38F147D5400001A465D /* CCTransition.m */; };
		B129E393147D5400001A465D /* CCTransitionPageTurn.m in Sources */ = {isa = PBXBuildFile; fileRef = B129E392147D5400001A465D /* CCTransitionPageTurn.m */; };
		B129E396147D5400001A465D /* CCTransitionRadial.m in Sources */ = {isa = PBXBuildFile; fileRef = B129E395147D5400001A465D /* CCTransitionRadial.m */; };
		B129E39A147D5400001A465D /* cocos2d.m in Sources */ = {isa = PBXBuildFile; fileRef = B129E399147D5400001A465D /* cocos2d.m */; };
		B129E3A1147D5400001A465D /* CCDirectorIOS.m in Sources */ = {isa = PBXBuildFile; fileRef = B129E3A0147D5400001A465D /* CCDirectorIOS.m */; };
		B129E3A5147D5400001A465D /* CCTouchDispatcher.m in Sources */ = {isa = PBXBuildFile; fileRef = B129E3A4147D5400001A465D /* CCTouchDispatcher.m */; };
		B129E3A8147D5400001A465D /* CCTouchHandler.m in Sources */ = {isa = PBXBuildFile; fileRef = B129E3A7147D5400001A465D /* CCTouchHandler.m */; };
		B129E3AB147D5400001A465D /* EAGLView.m in Sources */ = {isa = PBXBuildFile; fileRef = B129E3AA147D5400001A465D /* EAGLView.m */; };
		B129E3AE147D5400001A465D /* ES1Renderer.m in Sources */ = {isa = PBXBuildFile; fileRef = B129E3AD147D5400001A465D /* ES1Renderer.m */; };
		B129E3B1147D5400001A465D /* glu.c in Sources */ = {isa = PBXBuildFile; fileRef = B129E3B0147D5400001A465D /* glu.c */; };
		B129E3B6147D5400001A465D /* CCDirectorMac.m in Sources */ = {isa = PBXBuildFile; fileRef = B129E3B5147D5400001A465D /* CCDirectorMac.m */; };
		B129E3B9147D5400001A465D /* CCEventDispatcher.m in Sources */ = {isa = PBXBuildFile; fileRef = B129E3B8147D5400001A465D /* CCEventDispatcher.m */; };
		B129E3BC147D5400001A465D /* MacGLView.m in Sources */ = {isa = PBXBuildFile; fileRef = B129E3BB147D5400001A465D /* MacGLView.m */; };
		B129E3BF147D5400001A465D /* MacWindow.m in Sources */ = {isa = PBXBuildFile; fileRef = B129E3BE147D5400001A465D /* MacWindow.m */; };
		B129E3C2147D5400001A465D /* base64.c in Sources */ = {isa = PBXBuildFile; fileRef = B129E3C1147D5400001A465D /* base64.c */; };
		B129E3C6147D5400001A465D /* CCArray.m in Sources */ = {isa = PBXBuildFile; fileRef = B129E3C5147D5400001A465D /* CCArray.m */; };
		B129E3CA147D5400001A465D /* CCFileUtils.m in Sources */ = {isa = PBXBuildFile; fileRef = B129E3C9147D5400001A465D /* CCFileUtils.m */; };
		B129E3CD147D5400001A465D /* CCProfiling.m in Sources */ = {isa = PBXBuildFile; fileRef = B129E3CC147D5400001A465D /* CCProfiling.m */; };
		B129E3CF147D5400001A465D /* ccUtils.c in Sources */ = {isa = PBXBuildFile; fileRef = B129E3CE147D5400001A465D /* ccUtils.c */; };
		B129E3D3147D5400001A465D /* CGPointExtension.m in Sources */ = {isa = PBXBuildFile; fileRef = B129E3D2147D5400001A465D /* CGPointExtension.m */; };
		B129E3D7147D5400001A465D /* TGAlib.m in Sources */ = {isa = PBXBuildFile; fileRef = B129E3D6147D5400001A465D /* TGAlib.m */; };
		B129E3DA147D5400001A465D /* TransformUtils.m in Sources */ = {isa = PBXBuildFile; fileRef = B129E3D9147D5400001A465D /* TransformUtils.m */; };
		B129E3DF147D5400001A465D /* ZipUtils.m in Sources */ = {isa = PBXBuildFile; fileRef = B129E3DE147D5400001A465D /* ZipUtils.m */; };
		B129E3E4147D5400001A465D /* CDAudioManager.m in Sources */ = {isa = PBXBuildFile; fileRef = B129E3E3147D5400001A465D /* CDAudioManager.m */; };
		B129E3E8147D5400001A465D /* CDOpenALSupport.m in Sources */ = {isa = PBXBuildFile; fileRef = B129E3E7147D5400001A465D /* CDOpenALSupport.m */; };
		B129E3EB147D5400001A465D /* CocosDenshion.m in Sources */ = {isa = PBXBuildFile; fileRef = B129E3EA147D5400001A465D /* CocosDenshion.m */; };
		B129E3EE147D5400001A465D /* SimpleAudioEngine.m in Sources */ = {isa = PBXBuildFile; fileRef = B129E3ED147D5400001A465D /* SimpleAudioEngine.m */; };
		B129E3F3147D5400001A465D /* CLScoreServerPost.m in Sources */ = {isa = PBXBuildFile; fileRef = B129E3F2147D5400001A465D /* CLScoreServerPost.m */; };
		B129E3F6147D5400001A465D /* CLScoreServerRequest.m in Sources */ = {isa = PBXBuildFile; fileRef = B129E3F5147D5400001A465D /* CLScoreServerRequest.m */; };
		B129E3F9147D5400001A465D /* cocoslive.m in Sources */ = {isa = PBXBuildFile; fileRef = B129E3F8147D5400001A465D /* cocoslive.m */; };
		B129E3FE147D5400001A465D /* CDataScanner.m in Sources */ = {isa = PBXBuildFile; fileRef = B129E3FD147D5400001A465D /* CDataScanner.m */; };
		B129E402147D5400001A465D /* CDataScanner_Extensions.m in Sources */ = {isa = PBXBuildFile; fileRef = B129E401147D5400001A465D /* CDataScanner_Extensions.m */; };
		B129E405147D5400001A465D /* NSDictionary_JSONExtensions.m in Sources */ = {isa = PBXBuildFile; fileRef = B129E404147D5400001A465D /* NSDictionary_JSONExtensions.m */; };
		B129E409147D5400001A465D /* CJSONDeserializer.m in Sources */ = {isa = PBXBuildFile; fileRef = B129E408147D5400001A465D /* CJSONDeserializer.m */; };
		B129E40C147D5400001A465D /* CJSONScanner.m in Sources */ = {isa = PBXBuildFile; fileRef = B129E40B147D5400001A465D /* CJSONScanner.m */; };
		B129E40F147D5400001A465D /* CJSONSerializer.m in Sources */ = {isa = PBXBuildFile; fileRef = B129E40E147D5400001A465D /* CJSONSerializer.m */; };
		B129E414147D5400001A465D /* FontLabel.m in Sources */ = {isa = PBXBuildFile; fileRef = B129E413147D5400001A465D /* FontLabel.m */; };
		B129E417147D5400001A465D /* FontLabelStringDrawing.m in Sources */ = {isa = PBXBuildFile; fileRef = B129E416147D5400001A465D /* FontLabelStringDrawing.m */; };
		B129E41A147D5401001A465D /* FontManager.m in Sources */ = {isa = PBXBuildFile; fileRef = B129E419147D5401001A465D /* FontManager.m */; };
		B129E41D147D5401001A465D /* ZAttributedString.m in Sources */ = {isa = PBXBuildFile; fileRef = B129E41C147D5401001A465D /* ZAttributedString.m */; };
		B129E421147D5401001A465D /* ZFont.m in Sources */ = {isa = PBXBuildFile; fileRef = B129E420147D5401001A465D /* ZFont.m */; };
		B129E426147D5401001A465D /* main.m in Sources */ = {isa = PBXBuildFile; fileRef = B129E425147D5401001A465D /* main.m */; };
		B129E429147D5401001A465D /* AppDelegate.m in Sources */ = {isa = PBXBuildFile; fileRef = B129E428147D5401001A465D /* AppDelegate.m */; };
		B129E42C147D5401001A465D /* RootViewController.m in Sources */ = {isa = PBXBuildFile; fileRef = B129E42B147D5401001A465D /* RootViewController.m */; };
		B129E42F147D5401001A465D /* HelloWorldLayer.m in Sources */ = {isa = PBXBuildFile; fileRef = B129E42E147D5401001A465D /* HelloWorldLayer.m */; };
/* End PBXBuildFile section */

/* Begin PBXFileReference section */
		B129E2C1147D53FF001A465D /* Landslide.app */ = {isa = PBXFileReference; explicitFileType = wrapper.application; includeInIndex = 0; path = Landslide.app; sourceTree = BUILT_PRODUCTS_DIR; };
		B129E2C5147D53FF001A465D /* QuartzCore.framework */ = {isa = PBXFileReference; lastKnownFileType = wrapper.framework; name = QuartzCore.framework; path = System/Library/Frameworks/QuartzCore.framework; sourceTree = SDKROOT; };
		B129E2C7147D53FF001A465D /* OpenGLES.framework */ = {isa = PBXFileReference; lastKnownFileType = wrapper.framework; name = OpenGLES.framework; path = System/Library/Frameworks/OpenGLES.framework; sourceTree = SDKROOT; };
		B129E2C9147D53FF001A465D /* OpenAL.framework */ = {isa = PBXFileReference; lastKnownFileType = wrapper.framework; name = OpenAL.framework; path = System/Library/Frameworks/OpenAL.framework; sourceTree = SDKROOT; };
		B129E2CB147D53FF001A465D /* AudioToolbox.framework */ = {isa = PBXFileReference; lastKnownFileType = wrapper.framework; name = AudioToolbox.framework; path = System/Library/Frameworks/AudioToolbox.framework; sourceTree = SDKROOT; };
		B129E2CD147D53FF001A465D /* AVFoundation.framework */ = {isa = PBXFileReference; lastKnownFileType = wrapper.framework; name = AVFoundation.framework; path = System/Library/Frameworks/AVFoundation.framework; sourceTree = SDKROOT; };
		B129E2CF147D53FF001A465D /* UIKit.framework */ = {isa = PBXFileReference; lastKnownFileType = wrapper.framework; name = UIKit.framework; path = System/Library/Frameworks/UIKit.framework; sourceTree = SDKROOT; };
		B129E2D1147D53FF001A465D /* Foundation.framework */ = {isa = PBXFileReference; lastKnownFileType = wrapper.framework; name = Foundation.framework; path = System/Library/Frameworks/Foundation.framework; sourceTree = SDKROOT; };
		B129E2D3147D53FF001A465D /* CoreGraphics.framework */ = {isa = PBXFileReference; lastKnownFileType = wrapper.framework; name = CoreGraphics.framework; path = System/Library/Frameworks/CoreGraphics.framework; sourceTree = SDKROOT; };
		B129E2D7147D53FF001A465D /* Default.png */ = {isa = PBXFileReference; lastKnownFileType = image.png; name = Default.png; path = Resources/Default.png; sourceTree = "<group>"; };
		B129E2D9147D53FF001A465D /* fps_images.png */ = {isa = PBXFileReference; lastKnownFileType = image.png; name = fps_images.png; path = Resources/fps_images.png; sourceTree = "<group>"; };
		B129E2DB147D53FF001A465D /* Icon-72.png */ = {isa = PBXFileReference; lastKnownFileType = image.png; name = "Icon-72.png"; path = "Resources/Icon-72.png"; sourceTree = "<group>"; };
		B129E2DD147D53FF001A465D /* Icon-Small-50.png */ = {isa = PBXFileReference; lastKnownFileType = image.png; name = "Icon-Small-50.png"; path = "Resources/Icon-Small-50.png"; sourceTree = "<group>"; };
		B129E2DF147D53FF001A465D /* Icon-Small.png */ = {isa = PBXFileReference; lastKnownFileType = image.png; name = "Icon-Small.png"; path = "Resources/Icon-Small.png"; sourceTree = "<group>"; };
		B129E2E1147D53FF001A465D /* Icon-Small@2x.png */ = {isa = PBXFileReference; lastKnownFileType = image.png; name = "Icon-Small@2x.png"; path = "Resources/Icon-Small@2x.png"; sourceTree = "<group>"; };
		B129E2E3147D53FF001A465D /* Icon.png */ = {isa = PBXFileReference; lastKnownFileType = image.png; name = Icon.png; path = Resources/Icon.png; sourceTree = "<group>"; };
		B129E2E5147D53FF001A465D /* Icon@2x.png */ = {isa = PBXFileReference; lastKnownFileType = image.png; name = "Icon@2x.png"; path = "Resources/Icon@2x.png"; sourceTree = "<group>"; };
		B129E2E7147D53FF001A465D /* Info.plist */ = {isa = PBXFileReference; name = Info.plist; path = Resources/Info.plist; sourceTree = "<group>"; };
		B129E2E8147D53FF001A465D /* iTunesArtwork */ = {isa = PBXFileReference; lastKnownFileType = file; name = iTunesArtwork; path = Resources/iTunesArtwork; sourceTree = "<group>"; };
		B129E2EC147D53FF001A465D /* CCAction.h */ = {isa = PBXFileReference; name = CCAction.h; path = libs/cocos2d/CCAction.h; sourceTree = "<group>"; };
		B129E2ED147D53FF001A465D /* CCAction.m */ = {isa = PBXFileReference; lastKnownFileType = sourcecode.c.objc; name = CCAction.m; path = libs/cocos2d/CCAction.m; sourceTree = "<group>"; };
		B129E2EF147D53FF001A465D /* CCActionCamera.h */ = {isa = PBXFileReference; name = CCActionCamera.h; path = libs/cocos2d/CCActionCamera.h; sourceTree = "<group>"; };
		B129E2F0147D53FF001A465D /* CCActionCamera.m */ = {isa = PBXFileReference; lastKnownFileType = sourcecode.c.objc; name = CCActionCamera.m; path = libs/cocos2d/CCActionCamera.m; sourceTree = "<group>"; };
		B129E2F2147D53FF001A465D /* CCActionEase.h */ = {isa = PBXFileReference; name = CCActionEase.h; path = libs/cocos2d/CCActionEase.h; sourceTree = "<group>"; };
		B129E2F3147D53FF001A465D /* CCActionEase.m */ = {isa = PBXFileReference; lastKnownFileType = sourcecode.c.objc; name = CCActionEase.m; path = libs/cocos2d/CCActionEase.m; sourceTree = "<group>"; };
		B129E2F5147D53FF001A465D /* CCActionGrid.h */ = {isa = PBXFileReference; name = CCActionGrid.h; path = libs/cocos2d/CCActionGrid.h; sourceTree = "<group>"; };
		B129E2F6147D53FF001A465D /* CCActionGrid.m */ = {isa = PBXFileReference; lastKnownFileType = sourcecode.c.objc; name = CCActionGrid.m; path = libs/cocos2d/CCActionGrid.m; sourceTree = "<group>"; };
		B129E2F8147D53FF001A465D /* CCActionGrid3D.h */ = {isa = PBXFileReference; name = CCActionGrid3D.h; path = libs/cocos2d/CCActionGrid3D.h; sourceTree = "<group>"; };
		B129E2F9147D53FF001A465D /* CCActionGrid3D.m */ = {isa = PBXFileReference; lastKnownFileType = sourcecode.c.objc; name = CCActionGrid3D.m; path = libs/cocos2d/CCActionGrid3D.m; sourceTree = "<group>"; };
		B129E2FB147D53FF001A465D /* CCActionInstant.h */ = {isa = PBXFileReference; name = CCActionInstant.h; path = libs/cocos2d/CCActionInstant.h; sourceTree = "<group>"; };
		B129E2FC147D53FF001A465D /* CCActionInstant.m */ = {isa = PBXFileReference; lastKnownFileType = sourcecode.c.objc; name = CCActionInstant.m; path = libs/cocos2d/CCActionInstant.m; sourceTree = "<group>"; };
		B129E2FE147D53FF001A465D /* CCActionInterval.h */ = {isa = PBXFileReference; name = CCActionInterval.h; path = libs/cocos2d/CCActionInterval.h; sourceTree = "<group>"; };
		B129E2FF147D53FF001A465D /* CCActionInterval.m */ = {isa = PBXFileReference; lastKnownFileType = sourcecode.c.objc; name = CCActionInterval.m; path = libs/cocos2d/CCActionInterval.m; sourceTree = "<group>"; };
		B129E301147D53FF001A465D /* CCActionManager.h */ = {isa = PBXFileReference; name = CCActionManager.h; path = libs/cocos2d/CCActionManager.h; sourceTree = "<group>"; };
		B129E302147D53FF001A465D /* CCActionManager.m */ = {isa = PBXFileReference; lastKnownFileType = sourcecode.c.objc; name = CCActionManager.m; path = libs/cocos2d/CCActionManager.m; sourceTree = "<group>"; };
		B129E304147D53FF001A465D /* CCActionPageTurn3D.h */ = {isa = PBXFileReference; name = CCActionPageTurn3D.h; path = libs/cocos2d/CCActionPageTurn3D.h; sourceTree = "<group>"; };
		B129E305147D53FF001A465D /* CCActionPageTurn3D.m */ = {isa = PBXFileReference; lastKnownFileType = sourcecode.c.objc; name = CCActionPageTurn3D.m; path = libs/cocos2d/CCActionPageTurn3D.m; sourceTree = "<group>"; };
		B129E307147D53FF001A465D /* CCActionProgressTimer.h */ = {isa = PBXFileReference; name = CCActionProgressTimer.h; path = libs/cocos2d/CCActionProgressTimer.h; sourceTree = "<group>"; };
		B129E308147D53FF001A465D /* CCActionProgressTimer.m */ = {isa = PBXFileReference; lastKnownFileType = sourcecode.c.objc; name = CCActionProgressTimer.m; path = libs/cocos2d/CCActionProgressTimer.m; sourceTree = "<group>"; };
		B129E30A147D53FF001A465D /* CCActionTiledGrid.h */ = {isa = PBXFileReference; name = CCActionTiledGrid.h; path = libs/cocos2d/CCActionTiledGrid.h; sourceTree = "<group>"; };
		B129E30B147D53FF001A465D /* CCActionTiledGrid.m */ = {isa = PBXFileReference; lastKnownFileType = sourcecode.c.objc; name = CCActionTiledGrid.m; path = libs/cocos2d/CCActionTiledGrid.m; sourceTree = "<group>"; };
		B129E30D147D53FF001A465D /* CCActionTween.h */ = {isa = PBXFileReference; name = CCActionTween.h; path = libs/cocos2d/CCActionTween.h; sourceTree = "<group>"; };
		B129E30E147D53FF001A465D /* CCActionTween.m */ = {isa = PBXFileReference; lastKnownFileType = sourcecode.c.objc; name = CCActionTween.m; path = libs/cocos2d/CCActionTween.m; sourceTree = "<group>"; };
		B129E310147D53FF001A465D /* CCAnimation.h */ = {isa = PBXFileReference; name = CCAnimation.h; path = libs/cocos2d/CCAnimation.h; sourceTree = "<group>"; };
		B129E311147D53FF001A465D /* CCAnimation.m */ = {isa = PBXFileReference; lastKnownFileType = sourcecode.c.objc; name = CCAnimation.m; path = libs/cocos2d/CCAnimation.m; sourceTree = "<group>"; };
		B129E313147D53FF001A465D /* CCAnimationCache.h */ = {isa = PBXFileReference; name = CCAnimationCache.h; path = libs/cocos2d/CCAnimationCache.h; sourceTree = "<group>"; };
		B129E314147D53FF001A465D /* CCAnimationCache.m */ = {isa = PBXFileReference; lastKnownFileType = sourcecode.c.objc; name = CCAnimationCache.m; path = libs/cocos2d/CCAnimationCache.m; sourceTree = "<group>"; };
		B129E316147D53FF001A465D /* CCAtlasNode.h */ = {isa = PBXFileReference; name = CCAtlasNode.h; path = libs/cocos2d/CCAtlasNode.h; sourceTree = "<group>"; };
		B129E317147D53FF001A465D /* CCAtlasNode.m */ = {isa = PBXFileReference; lastKnownFileType = sourcecode.c.objc; name = CCAtlasNode.m; path = libs/cocos2d/CCAtlasNode.m; sourceTree = "<group>"; };
		B129E319147D53FF001A465D /* CCBlockSupport.h */ = {isa = PBXFileReference; name = CCBlockSupport.h; path = libs/cocos2d/CCBlockSupport.h; sourceTree = "<group>"; };
		B129E31A147D53FF001A465D /* CCBlockSupport.m */ = {isa = PBXFileReference; lastKnownFileType = sourcecode.c.objc; name = CCBlockSupport.m; path = libs/cocos2d/CCBlockSupport.m; sourceTree = "<group>"; };
		B129E31C147D53FF001A465D /* CCCamera.h */ = {isa = PBXFileReference; name = CCCamera.h; path = libs/cocos2d/CCCamera.h; sourceTree = "<group>"; };
		B129E31D147D53FF001A465D /* CCCamera.m */ = {isa = PBXFileReference; lastKnownFileType = sourcecode.c.objc; name = CCCamera.m; path = libs/cocos2d/CCCamera.m; sourceTree = "<group>"; };
		B129E31F147D53FF001A465D /* ccConfig.h */ = {isa = PBXFileReference; name = ccConfig.h; path = libs/cocos2d/ccConfig.h; sourceTree = "<group>"; };
		B129E320147D53FF001A465D /* CCConfiguration.h */ = {isa = PBXFileReference; name = CCConfiguration.h; path = libs/cocos2d/CCConfiguration.h; sourceTree = "<group>"; };
		B129E321147D53FF001A465D /* CCConfiguration.m */ = {isa = PBXFileReference; lastKnownFileType = sourcecode.c.objc; name = CCConfiguration.m; path = libs/cocos2d/CCConfiguration.m; sourceTree = "<group>"; };
		B129E323147D53FF001A465D /* CCDirector.h */ = {isa = PBXFileReference; name = CCDirector.h; path = libs/cocos2d/CCDirector.h; sourceTree = "<group>"; };
		B129E324147D53FF001A465D /* CCDirector.m */ = {isa = PBXFileReference; lastKnownFileType = sourcecode.c.objc; name = CCDirector.m; path = libs/cocos2d/CCDirector.m; sourceTree = "<group>"; };
		B129E326147D53FF001A465D /* CCDrawingPrimitives.h */ = {isa = PBXFileReference; name = CCDrawingPrimitives.h; path = libs/cocos2d/CCDrawingPrimitives.h; sourceTree = "<group>"; };
		B129E327147D53FF001A465D /* CCDrawingPrimitives.m */ = {isa = PBXFileReference; lastKnownFileType = sourcecode.c.objc; name = CCDrawingPrimitives.m; path = libs/cocos2d/CCDrawingPrimitives.m; sourceTree = "<group>"; };
		B129E329147D53FF001A465D /* CCGrabber.h */ = {isa = PBXFileReference; name = CCGrabber.h; path = libs/cocos2d/CCGrabber.h; sourceTree = "<group>"; };
		B129E32A147D53FF001A465D /* CCGrabber.m */ = {isa = PBXFileReference; lastKnownFileType = sourcecode.c.objc; name = CCGrabber.m; path = libs/cocos2d/CCGrabber.m; sourceTree = "<group>"; };
		B129E32C147D53FF001A465D /* CCGrid.h */ = {isa = PBXFileReference; name = CCGrid.h; path = libs/cocos2d/CCGrid.h; sourceTree = "<group>"; };
		B129E32D147D53FF001A465D /* CCGrid.m */ = {isa = PBXFileReference; lastKnownFileType = sourcecode.c.objc; name = CCGrid.m; path = libs/cocos2d/CCGrid.m; sourceTree = "<group>"; };
		B129E32F147D53FF001A465D /* CCLabelAtlas.h */ = {isa = PBXFileReference; name = CCLabelAtlas.h; path = libs/cocos2d/CCLabelAtlas.h; sourceTree = "<group>"; };
		B129E330147D53FF001A465D /* CCLabelAtlas.m */ = {isa = PBXFileReference; lastKnownFileType = sourcecode.c.objc; name = CCLabelAtlas.m; path = libs/cocos2d/CCLabelAtlas.m; sourceTree = "<group>"; };
		B129E332147D53FF001A465D /* CCLabelBMFont.h */ = {isa = PBXFileReference; name = CCLabelBMFont.h; path = libs/cocos2d/CCLabelBMFont.h; sourceTree = "<group>"; };
		B129E333147D53FF001A465D /* CCLabelBMFont.m */ = {isa = PBXFileReference; lastKnownFileType = sourcecode.c.objc; name = CCLabelBMFont.m; path = libs/cocos2d/CCLabelBMFont.m; sourceTree = "<group>"; };
		B129E335147D53FF001A465D /* CCLabelTTF.h */ = {isa = PBXFileReference; name = CCLabelTTF.h; path = libs/cocos2d/CCLabelTTF.h; sourceTree = "<group>"; };
		B129E336147D53FF001A465D /* CCLabelTTF.m */ = {isa = PBXFileReference; lastKnownFileType = sourcecode.c.objc; name = CCLabelTTF.m; path = libs/cocos2d/CCLabelTTF.m; sourceTree = "<group>"; };
		B129E338147D53FF001A465D /* CCLayer.h */ = {isa = PBXFileReference; name = CCLayer.h; path = libs/cocos2d/CCLayer.h; sourceTree = "<group>"; };
		B129E339147D53FF001A465D /* CCLayer.m */ = {isa = PBXFileReference; lastKnownFileType = sourcecode.c.objc; name = CCLayer.m; path = libs/cocos2d/CCLayer.m; sourceTree = "<group>"; };
		B129E33B147D53FF001A465D /* ccMacros.h */ = {isa = PBXFileReference; name = ccMacros.h; path = libs/cocos2d/ccMacros.h; sourceTree = "<group>"; };
		B129E33C147D53FF001A465D /* CCMenu.h */ = {isa = PBXFileReference; name = CCMenu.h; path = libs/cocos2d/CCMenu.h; sourceTree = "<group>"; };
		B129E33D147D53FF001A465D /* CCMenu.m */ = {isa = PBXFileReference; lastKnownFileType = sourcecode.c.objc; name = CCMenu.m; path = libs/cocos2d/CCMenu.m; sourceTree = "<group>"; };
		B129E33F147D53FF001A465D /* CCMenuItem.h */ = {isa = PBXFileReference; name = CCMenuItem.h; path = libs/cocos2d/CCMenuItem.h; sourceTree = "<group>"; };
		B129E340147D53FF001A465D /* CCMenuItem.m */ = {isa = PBXFileReference; lastKnownFileType = sourcecode.c.objc; name = CCMenuItem.m; path = libs/cocos2d/CCMenuItem.m; sourceTree = "<group>"; };
		B129E342147D53FF001A465D /* CCMotionStreak.h */ = {isa = PBXFileReference; name = CCMotionStreak.h; path = libs/cocos2d/CCMotionStreak.h; sourceTree = "<group>"; };
		B129E343147D53FF001A465D /* CCMotionStreak.m */ = {isa = PBXFileReference; lastKnownFileType = sourcecode.c.objc; name = CCMotionStreak.m; path = libs/cocos2d/CCMotionStreak.m; sourceTree = "<group>"; };
		B129E345147D53FF001A465D /* CCNode.h */ = {isa = PBXFileReference; name = CCNode.h; path = libs/cocos2d/CCNode.h; sourceTree = "<group>"; };
		B129E346147D53FF001A465D /* CCNode.m */ = {isa = PBXFileReference; lastKnownFileType = sourcecode.c.objc; name = CCNode.m; path = libs/cocos2d/CCNode.m; sourceTree = "<group>"; };
		B129E348147D53FF001A465D /* CCParallaxNode.h */ = {isa = PBXFileReference; name = CCParallaxNode.h; path = libs/cocos2d/CCParallaxNode.h; sourceTree = "<group>"; };
		B129E349147D53FF001A465D /* CCParallaxNode.m */ = {isa = PBXFileReference; lastKnownFileType = sourcecode.c.objc; name = CCParallaxNode.m; path = libs/cocos2d/CCParallaxNode.m; sourceTree = "<group>"; };
		B129E34B147D53FF001A465D /* CCParticleExamples.h */ = {isa = PBXFileReference; name = CCParticleExamples.h; path = libs/cocos2d/CCParticleExamples.h; sourceTree = "<group>"; };
		B129E34C147D53FF001A465D /* CCParticleExamples.m */ = {isa = PBXFileReference; lastKnownFileType = sourcecode.c.objc; name = CCParticleExamples.m; path = libs/cocos2d/CCParticleExamples.m; sourceTree = "<group>"; };
		B129E34E147D53FF001A465D /* CCParticleSystem.h */ = {isa = PBXFileReference; name = CCParticleSystem.h; path = libs/cocos2d/CCParticleSystem.h; sourceTree = "<group>"; };
		B129E34F147D53FF001A465D /* CCParticleSystem.m */ = {isa = PBXFileReference; lastKnownFileType = sourcecode.c.objc; name = CCParticleSystem.m; path = libs/cocos2d/CCParticleSystem.m; sourceTree = "<group>"; };
		B129E351147D53FF001A465D /* CCParticleSystemPoint.h */ = {isa = PBXFileReference; name = CCParticleSystemPoint.h; path = libs/cocos2d/CCParticleSystemPoint.h; sourceTree = "<group>"; };
		B129E352147D53FF001A465D /* CCParticleSystemPoint.m */ = {isa = PBXFileReference; lastKnownFileType = sourcecode.c.objc; name = CCParticleSystemPoint.m; path = libs/cocos2d/CCParticleSystemPoint.m; sourceTree = "<group>"; };
		B129E354147D53FF001A465D /* CCParticleSystemQuad.h */ = {isa = PBXFileReference; name = CCParticleSystemQuad.h; path = libs/cocos2d/CCParticleSystemQuad.h; sourceTree = "<group>"; };
		B129E355147D53FF001A465D /* CCParticleSystemQuad.m */ = {isa = PBXFileReference; lastKnownFileType = sourcecode.c.objc; name = CCParticleSystemQuad.m; path = libs/cocos2d/CCParticleSystemQuad.m; sourceTree = "<group>"; };
		B129E357147D53FF001A465D /* CCProgressTimer.h */ = {isa = PBXFileReference; name = CCProgressTimer.h; path = libs/cocos2d/CCProgressTimer.h; sourceTree = "<group>"; };
		B129E358147D53FF001A465D /* CCProgressTimer.m */ = {isa = PBXFileReference; lastKnownFileType = sourcecode.c.objc; name = CCProgressTimer.m; path = libs/cocos2d/CCProgressTimer.m; sourceTree = "<group>"; };
		B129E35A147D53FF001A465D /* CCProtocols.h */ = {isa = PBXFileReference; name = CCProtocols.h; path = libs/cocos2d/CCProtocols.h; sourceTree = "<group>"; };
		B129E35B147D53FF001A465D /* CCRenderTexture.h */ = {isa = PBXFileReference; name = CCRenderTexture.h; path = libs/cocos2d/CCRenderTexture.h; sourceTree = "<group>"; };
		B129E35C147D53FF001A465D /* CCRenderTexture.m */ = {isa = PBXFileReference; lastKnownFileType = sourcecode.c.objc; name = CCRenderTexture.m; path = libs/cocos2d/CCRenderTexture.m; sourceTree = "<group>"; };
		B129E35E147D53FF001A465D /* CCRibbon.h */ = {isa = PBXFileReference; name = CCRibbon.h; path = libs/cocos2d/CCRibbon.h; sourceTree = "<group>"; };
		B129E35F147D53FF001A465D /* CCRibbon.m */ = {isa = PBXFileReference; lastKnownFileType = sourcecode.c.objc; name = CCRibbon.m; path = libs/cocos2d/CCRibbon.m; sourceTree = "<group>"; };
		B129E361147D53FF001A465D /* CCScene.h */ = {isa = PBXFileReference; name = CCScene.h; path = libs/cocos2d/CCScene.h; sourceTree = "<group>"; };
		B129E362147D53FF001A465D /* CCScene.m */ = {isa = PBXFileReference; lastKnownFileType = sourcecode.c.objc; name = CCScene.m; path = libs/cocos2d/CCScene.m; sourceTree = "<group>"; };
		B129E364147D53FF001A465D /* CCScheduler.h */ = {isa = PBXFileReference; name = CCScheduler.h; path = libs/cocos2d/CCScheduler.h; sourceTree = "<group>"; };
		B129E365147D53FF001A465D /* CCScheduler.m */ = {isa = PBXFileReference; lastKnownFileType = sourcecode.c.objc; name = CCScheduler.m; path = libs/cocos2d/CCScheduler.m; sourceTree = "<group>"; };
		B129E367147D53FF001A465D /* CCSprite.h */ = {isa = PBXFileReference; name = CCSprite.h; path = libs/cocos2d/CCSprite.h; sourceTree = "<group>"; };
		B129E368147D53FF001A465D /* CCSprite.m */ = {isa = PBXFileReference; lastKnownFileType = sourcecode.c.objc; name = CCSprite.m; path = libs/cocos2d/CCSprite.m; sourceTree = "<group>"; };
		B129E36A147D53FF001A465D /* CCSpriteBatchNode.h */ = {isa = PBXFileReference; name = CCSpriteBatchNode.h; path = libs/cocos2d/CCSpriteBatchNode.h; sourceTree = "<group>"; };
		B129E36B147D53FF001A465D /* CCSpriteBatchNode.m */ = {isa = PBXFileReference; lastKnownFileType = sourcecode.c.objc; name = CCSpriteBatchNode.m; path = libs/cocos2d/CCSpriteBatchNode.m; sourceTree = "<group>"; };
		B129E36D147D53FF001A465D /* CCSpriteFrame.h */ = {isa = PBXFileReference; name = CCSpriteFrame.h; path = libs/cocos2d/CCSpriteFrame.h; sourceTree = "<group>"; };
		B129E36E147D53FF001A465D /* CCSpriteFrame.m */ = {isa = PBXFileReference; lastKnownFileType = sourcecode.c.objc; name = CCSpriteFrame.m; path = libs/cocos2d/CCSpriteFrame.m; sourceTree = "<group>"; };
		B129E370147D53FF001A465D /* CCSpriteFrameCache.h */ = {isa = PBXFileReference; name = CCSpriteFrameCache.h; path = libs/cocos2d/CCSpriteFrameCache.h; sourceTree = "<group>"; };
		B129E371147D53FF001A465D /* CCSpriteFrameCache.m */ = {isa = PBXFileReference; lastKnownFileType = sourcecode.c.objc; name = CCSpriteFrameCache.m; path = libs/cocos2d/CCSpriteFrameCache.m; sourceTree = "<group>"; };
		B129E373147D53FF001A465D /* CCTexture2D.h */ = {isa = PBXFileReference; name = CCTexture2D.h; path = libs/cocos2d/CCTexture2D.h; sourceTree = "<group>"; };
		B129E374147D53FF001A465D /* CCTexture2D.m */ = {isa = PBXFileReference; lastKnownFileType = sourcecode.c.objc; name = CCTexture2D.m; path = libs/cocos2d/CCTexture2D.m; sourceTree = "<group>"; };
		B129E376147D53FF001A465D /* CCTextureAtlas.h */ = {isa = PBXFileReference; name = CCTextureAtlas.h; path = libs/cocos2d/CCTextureAtlas.h; sourceTree = "<group>"; };
		B129E377147D53FF001A465D /* CCTextureAtlas.m */ = {isa = PBXFileReference; lastKnownFileType = sourcecode.c.objc; name = CCTextureAtlas.m; path = libs/cocos2d/CCTextureAtlas.m; sourceTree = "<group>"; };
		B129E379147D5400001A465D /* CCTextureCache.h */ = {isa = PBXFileReference; name = CCTextureCache.h; path = libs/cocos2d/CCTextureCache.h; sourceTree = "<group>"; };
		B129E37A147D5400001A465D /* CCTextureCache.m */ = {isa = PBXFileReference; lastKnownFileType = sourcecode.c.objc; name = CCTextureCache.m; path = libs/cocos2d/CCTextureCache.m; sourceTree = "<group>"; };
		B129E37C147D5400001A465D /* CCTexturePVR.h */ = {isa = PBXFileReference; name = CCTexturePVR.h; path = libs/cocos2d/CCTexturePVR.h; sourceTree = "<group>"; };
		B129E37D147D5400001A465D /* CCTexturePVR.m */ = {isa = PBXFileReference; lastKnownFileType = sourcecode.c.objc; name = CCTexturePVR.m; path = libs/cocos2d/CCTexturePVR.m; sourceTree = "<group>"; };
		B129E37F147D5400001A465D /* CCTileMapAtlas.h */ = {isa = PBXFileReference; name = CCTileMapAtlas.h; path = libs/cocos2d/CCTileMapAtlas.h; sourceTree = "<group>"; };
		B129E380147D5400001A465D /* CCTileMapAtlas.m */ = {isa = PBXFileReference; lastKnownFileType = sourcecode.c.objc; name = CCTileMapAtlas.m; path = libs/cocos2d/CCTileMapAtlas.m; sourceTree = "<group>"; };
		B129E382147D5400001A465D /* CCTMXLayer.h */ = {isa = PBXFileReference; name = CCTMXLayer.h; path = libs/cocos2d/CCTMXLayer.h; sourceTree = "<group>"; };
		B129E383147D5400001A465D /* CCTMXLayer.m */ = {isa = PBXFileReference; lastKnownFileType = sourcecode.c.objc; name = CCTMXLayer.m; path = libs/cocos2d/CCTMXLayer.m; sourceTree = "<group>"; };
		B129E385147D5400001A465D /* CCTMXObjectGroup.h */ = {isa = PBXFileReference; name = CCTMXObjectGroup.h; path = libs/cocos2d/CCTMXObjectGroup.h; sourceTree = "<group>"; };
		B129E386147D5400001A465D /* CCTMXObjectGroup.m */ = {isa = PBXFileReference; lastKnownFileType = sourcecode.c.objc; name = CCTMXObjectGroup.m; path = libs/cocos2d/CCTMXObjectGroup.m; sourceTree = "<group>"; };
		B129E388147D5400001A465D /* CCTMXTiledMap.h */ = {isa = PBXFileReference; name = CCTMXTiledMap.h; path = libs/cocos2d/CCTMXTiledMap.h; sourceTree = "<group>"; };
		B129E389147D5400001A465D /* CCTMXTiledMap.m */ = {isa = PBXFileReference; lastKnownFileType = sourcecode.c.objc; name = CCTMXTiledMap.m; path = libs/cocos2d/CCTMXTiledMap.m; sourceTree = "<group>"; };
		B129E38B147D5400001A465D /* CCTMXXMLParser.h */ = {isa = PBXFileReference; name = CCTMXXMLParser.h; path = libs/cocos2d/CCTMXXMLParser.h; sourceTree = "<group>"; };
		B129E38C147D5400001A465D /* CCTMXXMLParser.m */ = {isa = PBXFileReference; lastKnownFileType = sourcecode.c.objc; name = CCTMXXMLParser.m; path = libs/cocos2d/CCTMXXMLParser.m; sourceTree = "<group>"; };
		B129E38E147D5400001A465D /* CCTransition.h */ = {isa = PBXFileReference; name = CCTransition.h; path = libs/cocos2d/CCTransition.h; sourceTree = "<group>"; };
		B129E38F147D5400001A465D /* CCTransition.m */ = {isa = PBXFileReference; lastKnownFileType = sourcecode.c.objc; name = CCTransition.m; path = libs/cocos2d/CCTransition.m; sourceTree = "<group>"; };
		B129E391147D5400001A465D /* CCTransitionPageTurn.h */ = {isa = PBXFileReference; name = CCTransitionPageTurn.h; path = libs/cocos2d/CCTransitionPageTurn.h; sourceTree = "<group>"; };
		B129E392147D5400001A465D /* CCTransitionPageTurn.m */ = {isa = PBXFileReference; lastKnownFileType = sourcecode.c.objc; name = CCTransitionPageTurn.m; path = libs/cocos2d/CCTransitionPageTurn.m; sourceTree = "<group>"; };
		B129E394147D5400001A465D /* CCTransitionRadial.h */ = {isa = PBXFileReference; name = CCTransitionRadial.h; path = libs/cocos2d/CCTransitionRadial.h; sourceTree = "<group>"; };
		B129E395147D5400001A465D /* CCTransitionRadial.m */ = {isa = PBXFileReference; lastKnownFileType = sourcecode.c.objc; name = CCTransitionRadial.m; path = libs/cocos2d/CCTransitionRadial.m; sourceTree = "<group>"; };
		B129E397147D5400001A465D /* ccTypes.h */ = {isa = PBXFileReference; name = ccTypes.h; path = libs/cocos2d/ccTypes.h; sourceTree = "<group>"; };
		B129E398147D5400001A465D /* cocos2d.h */ = {isa = PBXFileReference; name = cocos2d.h; path = libs/cocos2d/cocos2d.h; sourceTree = "<group>"; };
		B129E399147D5400001A465D /* cocos2d.m */ = {isa = PBXFileReference; lastKnownFileType = sourcecode.c.objc; name = cocos2d.m; path = libs/cocos2d/cocos2d.m; sourceTree = "<group>"; };
		B129E39C147D5400001A465D /* CCGL.h */ = {isa = PBXFileReference; name = CCGL.h; path = libs/cocos2d/Platforms/CCGL.h; sourceTree = "<group>"; };
		B129E39D147D5400001A465D /* CCNS.h */ = {isa = PBXFileReference; name = CCNS.h; path = libs/cocos2d/Platforms/CCNS.h; sourceTree = "<group>"; };
		B129E39F147D5400001A465D /* CCDirectorIOS.h */ = {isa = PBXFileReference; name = CCDirectorIOS.h; path = libs/cocos2d/Platforms/iOS/CCDirectorIOS.h; sourceTree = "<group>"; };
		B129E3A0147D5400001A465D /* CCDirectorIOS.m */ = {isa = PBXFileReference; lastKnownFileType = sourcecode.c.objc; name = CCDirectorIOS.m; path = libs/cocos2d/Platforms/iOS/CCDirectorIOS.m; sourceTree = "<group>"; };
		B129E3A2147D5400001A465D /* CCTouchDelegateProtocol.h */ = {isa = PBXFileReference; name = CCTouchDelegateProtocol.h; path = libs/cocos2d/Platforms/iOS/CCTouchDelegateProtocol.h; sourceTree = "<group>"; };
		B129E3A3147D5400001A465D /* CCTouchDispatcher.h */ = {isa = PBXFileReference; name = CCTouchDispatcher.h; path = libs/cocos2d/Platforms/iOS/CCTouchDispatcher.h; sourceTree = "<group>"; };
		B129E3A4147D5400001A465D /* CCTouchDispatcher.m */ = {isa = PBXFileReference; lastKnownFileType = sourcecode.c.objc; name = CCTouchDispatcher.m; path = libs/cocos2d/Platforms/iOS/CCTouchDispatcher.m; sourceTree = "<group>"; };
		B129E3A6147D5400001A465D /* CCTouchHandler.h */ = {isa = PBXFileReference; name = CCTouchHandler.h; path = libs/cocos2d/Platforms/iOS/CCTouchHandler.h; sourceTree = "<group>"; };
		B129E3A7147D5400001A465D /* CCTouchHandler.m */ = {isa = PBXFileReference; lastKnownFileType = sourcecode.c.objc; name = CCTouchHandler.m; path = libs/cocos2d/Platforms/iOS/CCTouchHandler.m; sourceTree = "<group>"; };
		B129E3A9147D5400001A465D /* EAGLView.h */ = {isa = PBXFileReference; name = EAGLView.h; path = libs/cocos2d/Platforms/iOS/EAGLView.h; sourceTree = "<group>"; };
		B129E3AA147D5400001A465D /* EAGLView.m */ = {isa = PBXFileReference; lastKnownFileType = sourcecode.c.objc; name = EAGLView.m; path = libs/cocos2d/Platforms/iOS/EAGLView.m; sourceTree = "<group>"; };
		B129E3AC147D5400001A465D /* ES1Renderer.h */ = {isa = PBXFileReference; name = ES1Renderer.h; path = libs/cocos2d/Platforms/iOS/ES1Renderer.h; sourceTree = "<group>"; };
		B129E3AD147D5400001A465D /* ES1Renderer.m */ = {isa = PBXFileReference; lastKnownFileType = sourcecode.c.objc; name = ES1Renderer.m; path = libs/cocos2d/Platforms/iOS/ES1Renderer.m; sourceTree = "<group>"; };
		B129E3AF147D5400001A465D /* ESRenderer.h */ = {isa = PBXFileReference; name = ESRenderer.h; path = libs/cocos2d/Platforms/iOS/ESRenderer.h; sourceTree = "<group>"; };
		B129E3B0147D5400001A465D /* glu.c */ = {isa = PBXFileReference; lastKnownFileType = sourcecode.c.c; name = glu.c; path = libs/cocos2d/Platforms/iOS/glu.c; sourceTree = "<group>"; };
		B129E3B2147D5400001A465D /* glu.h */ = {isa = PBXFileReference; name = glu.h; path = libs/cocos2d/Platforms/iOS/glu.h; sourceTree = "<group>"; };
		B129E3B4147D5400001A465D /* CCDirectorMac.h */ = {isa = PBXFileReference; name = CCDirectorMac.h; path = libs/cocos2d/Platforms/Mac/CCDirectorMac.h; sourceTree = "<group>"; };
		B129E3B5147D5400001A465D /* CCDirectorMac.m */ = {isa = PBXFileReference; lastKnownFileType = sourcecode.c.objc; name = CCDirectorMac.m; path = libs/cocos2d/Platforms/Mac/CCDirectorMac.m; sourceTree = "<group>"; };
		B129E3B7147D5400001A465D /* CCEventDispatcher.h */ = {isa = PBXFileReference; name = CCEventDispatcher.h; path = libs/cocos2d/Platforms/Mac/CCEventDispatcher.h; sourceTree = "<group>"; };
		B129E3B8147D5400001A465D /* CCEventDispatcher.m */ = {isa = PBXFileReference; lastKnownFileType = sourcecode.c.objc; name = CCEventDispatcher.m; path = libs/cocos2d/Platforms/Mac/CCEventDispatcher.m; sourceTree = "<group>"; };
		B129E3BA147D5400001A465D /* MacGLView.h */ = {isa = PBXFileReference; name = MacGLView.h; path = libs/cocos2d/Platforms/Mac/MacGLView.h; sourceTree = "<group>"; };
		B129E3BB147D5400001A465D /* MacGLView.m */ = {isa = PBXFileReference; lastKnownFileType = sourcecode.c.objc; name = MacGLView.m; path = libs/cocos2d/Platforms/Mac/MacGLView.m; sourceTree = "<group>"; };
		B129E3BD147D5400001A465D /* MacWindow.h */ = {isa = PBXFileReference; name = MacWindow.h; path = libs/cocos2d/Platforms/Mac/MacWindow.h; sourceTree = "<group>"; };
		B129E3BE147D5400001A465D /* MacWindow.m */ = {isa = PBXFileReference; lastKnownFileType = sourcecode.c.objc; name = MacWindow.m; path = libs/cocos2d/Platforms/Mac/MacWindow.m; sourceTree = "<group>"; };
		B129E3C1147D5400001A465D /* base64.c */ = {isa = PBXFileReference; lastKnownFileType = sourcecode.c.c; name = base64.c; path = libs/cocos2d/Support/base64.c; sourceTree = "<group>"; };
		B129E3C3147D5400001A465D /* base64.h */ = {isa = PBXFileReference; name = base64.h; path = libs/cocos2d/Support/base64.h; sourceTree = "<group>"; };
		B129E3C4147D5400001A465D /* CCArray.h */ = {isa = PBXFileReference; name = CCArray.h; path = libs/cocos2d/Support/CCArray.h; sourceTree = "<group>"; };
		B129E3C5147D5400001A465D /* CCArray.m */ = {isa = PBXFileReference; lastKnownFileType = sourcecode.c.objc; name = CCArray.m; path = libs/cocos2d/Support/CCArray.m; sourceTree = "<group>"; };
		B129E3C7147D5400001A465D /* ccCArray.h */ = {isa = PBXFileReference; name = ccCArray.h; path = libs/cocos2d/Support/ccCArray.h; sourceTree = "<group>"; };
		B129E3C8147D5400001A465D /* CCFileUtils.h */ = {isa = PBXFileReference; name = CCFileUtils.h; path = libs/cocos2d/Support/CCFileUtils.h; sourceTree = "<group>"; };
		B129E3C9147D5400001A465D /* CCFileUtils.m */ = {isa = PBXFileReference; lastKnownFileType = sourcecode.c.objc; name = CCFileUtils.m; path = libs/cocos2d/Support/CCFileUtils.m; sourceTree = "<group>"; };
		B129E3CB147D5400001A465D /* CCProfiling.h */ = {isa = PBXFileReference; name = CCProfiling.h; path = libs/cocos2d/Support/CCProfiling.h; sourceTree = "<group>"; };
		B129E3CC147D5400001A465D /* CCProfiling.m */ = {isa = PBXFileReference; lastKnownFileType = sourcecode.c.objc; name = CCProfiling.m; path = libs/cocos2d/Support/CCProfiling.m; sourceTree = "<group>"; };
		B129E3CE147D5400001A465D /* ccUtils.c */ = {isa = PBXFileReference; lastKnownFileType = sourcecode.c.c; name = ccUtils.c; path = libs/cocos2d/Support/ccUtils.c; sourceTree = "<group>"; };
		B129E3D0147D5400001A465D /* ccUtils.h */ = {isa = PBXFileReference; name = ccUtils.h; path = libs/cocos2d/Support/ccUtils.h; sourceTree = "<group>"; };
		B129E3D1147D5400001A465D /* CGPointExtension.h */ = {isa = PBXFileReference; name = CGPointExtension.h; path = libs/cocos2d/Support/CGPointExtension.h; sourceTree = "<group>"; };
		B129E3D2147D5400001A465D /* CGPointExtension.m */ = {isa = PBXFileReference; lastKnownFileType = sourcecode.c.objc; name = CGPointExtension.m; path = libs/cocos2d/Support/CGPointExtension.m; sourceTree = "<group>"; };
		B129E3D4147D5400001A465D /* OpenGL_Internal.h */ = {isa = PBXFileReference; name = OpenGL_Internal.h; path = libs/cocos2d/Support/OpenGL_Internal.h; sourceTree = "<group>"; };
		B129E3D5147D5400001A465D /* TGAlib.h */ = {isa = PBXFileReference; name = TGAlib.h; path = libs/cocos2d/Support/TGAlib.h; sourceTree = "<group>"; };
		B129E3D6147D5400001A465D /* TGAlib.m */ = {isa = PBXFileReference; lastKnownFileType = sourcecode.c.objc; name = TGAlib.m; path = libs/cocos2d/Support/TGAlib.m; sourceTree = "<group>"; };
		B129E3D8147D5400001A465D /* TransformUtils.h */ = {isa = PBXFileReference; name = TransformUtils.h; path = libs/cocos2d/Support/TransformUtils.h; sourceTree = "<group>"; };
		B129E3D9147D5400001A465D /* TransformUtils.m */ = {isa = PBXFileReference; lastKnownFileType = sourcecode.c.objc; name = TransformUtils.m; path = libs/cocos2d/Support/TransformUtils.m; sourceTree = "<group>"; };
		B129E3DB147D5400001A465D /* uthash.h */ = {isa = PBXFileReference; name = uthash.h; path = libs/cocos2d/Support/uthash.h; sourceTree = "<group>"; };
		B129E3DC147D5400001A465D /* utlist.h */ = {isa = PBXFileReference; name = utlist.h; path = libs/cocos2d/Support/utlist.h; sourceTree = "<group>"; };
		B129E3DD147D5400001A465D /* ZipUtils.h */ = {isa = PBXFileReference; name = ZipUtils.h; path = libs/cocos2d/Support/ZipUtils.h; sourceTree = "<group>"; };
		B129E3DE147D5400001A465D /* ZipUtils.m */ = {isa = PBXFileReference; lastKnownFileType = sourcecode.c.objc; name = ZipUtils.m; path = libs/cocos2d/Support/ZipUtils.m; sourceTree = "<group>"; };
		B129E3E0147D5400001A465D /* LICENSE_cocos2d.txt */ = {isa = PBXFileReference; name = LICENSE_cocos2d.txt; path = libs/LICENSE_cocos2d.txt; sourceTree = "<group>"; };
		B129E3E2147D5400001A465D /* CDAudioManager.h */ = {isa = PBXFileReference; name = CDAudioManager.h; path = libs/CocosDenshion/CDAudioManager.h; sourceTree = "<group>"; };
		B129E3E3147D5400001A465D /* CDAudioManager.m */ = {isa = PBXFileReference; lastKnownFileType = sourcecode.c.objc; name = CDAudioManager.m; path = libs/CocosDenshion/CDAudioManager.m; sourceTree = "<group>"; };
		B129E3E5147D5400001A465D /* CDConfig.h */ = {isa = PBXFileReference; name = CDConfig.h; path = libs/CocosDenshion/CDConfig.h; sourceTree = "<group>"; };
		B129E3E6147D5400001A465D /* CDOpenALSupport.h */ = {isa = PBXFileReference; name = CDOpenALSupport.h; path = libs/CocosDenshion/CDOpenALSupport.h; sourceTree = "<group>"; };
		B129E3E7147D5400001A465D /* CDOpenALSupport.m */ = {isa = PBXFileReference; lastKnownFileType = sourcecode.c.objc; name = CDOpenALSupport.m; path = libs/CocosDenshion/CDOpenALSupport.m; sourceTree = "<group>"; };
		B129E3E9147D5400001A465D /* CocosDenshion.h */ = {isa = PBXFileReference; name = CocosDenshion.h; path = libs/CocosDenshion/CocosDenshion.h; sourceTree = "<group>"; };
		B129E3EA147D5400001A465D /* CocosDenshion.m */ = {isa = PBXFileReference; lastKnownFileType = sourcecode.c.objc; name = CocosDenshion.m; path = libs/CocosDenshion/CocosDenshion.m; sourceTree = "<group>"; };
		B129E3EC147D5400001A465D /* SimpleAudioEngine.h */ = {isa = PBXFileReference; name = SimpleAudioEngine.h; path = libs/CocosDenshion/SimpleAudioEngine.h; sourceTree = "<group>"; };
		B129E3ED147D5400001A465D /* SimpleAudioEngine.m */ = {isa = PBXFileReference; lastKnownFileType = sourcecode.c.objc; name = SimpleAudioEngine.m; path = libs/CocosDenshion/SimpleAudioEngine.m; sourceTree = "<group>"; };
		B129E3EF147D5400001A465D /* LICENSE_CocosDenshion.txt */ = {isa = PBXFileReference; name = LICENSE_CocosDenshion.txt; path = libs/LICENSE_CocosDenshion.txt; sourceTree = "<group>"; };
		B129E3F1147D5400001A465D /* CLScoreServerPost.h */ = {isa = PBXFileReference; name = CLScoreServerPost.h; path = libs/cocoslive/CLScoreServerPost.h; sourceTree = "<group>"; };
		B129E3F2147D5400001A465D /* CLScoreServerPost.m */ = {isa = PBXFileReference; lastKnownFileType = sourcecode.c.objc; name = CLScoreServerPost.m; path = libs/cocoslive/CLScoreServerPost.m; sourceTree = "<group>"; };
		B129E3F4147D5400001A465D /* CLScoreServerRequest.h */ = {isa = PBXFileReference; name = CLScoreServerRequest.h; path = libs/cocoslive/CLScoreServerRequest.h; sourceTree = "<group>"; };
		B129E3F5147D5400001A465D /* CLScoreServerRequest.m */ = {isa = PBXFileReference; lastKnownFileType = sourcecode.c.objc; name = CLScoreServerRequest.m; path = libs/cocoslive/CLScoreServerRequest.m; sourceTree = "<group>"; };
		B129E3F7147D5400001A465D /* cocoslive.h */ = {isa = PBXFileReference; name = cocoslive.h; path = libs/cocoslive/cocoslive.h; sourceTree = "<group>"; };
		B129E3F8147D5400001A465D /* cocoslive.m */ = {isa = PBXFileReference; lastKnownFileType = sourcecode.c.objc; name = cocoslive.m; path = libs/cocoslive/cocoslive.m; sourceTree = "<group>"; };
		B129E3FA147D5400001A465D /* LICENSE_TouchJSON.txt */ = {isa = PBXFileReference; name = LICENSE_TouchJSON.txt; path = libs/LICENSE_TouchJSON.txt; sourceTree = "<group>"; };
		B129E3FC147D5400001A465D /* CDataScanner.h */ = {isa = PBXFileReference; name = CDataScanner.h; path = libs/TouchJSON/CDataScanner.h; sourceTree = "<group>"; };
		B129E3FD147D5400001A465D /* CDataScanner.m */ = {isa = PBXFileReference; lastKnownFileType = sourcecode.c.objc; name = CDataScanner.m; path = libs/TouchJSON/CDataScanner.m; sourceTree = "<group>"; };
		B129E400147D5400001A465D /* CDataScanner_Extensions.h */ = {isa = PBXFileReference; name = CDataScanner_Extensions.h; path = libs/TouchJSON/Extensions/CDataScanner_Extensions.h; sourceTree = "<group>"; };
		B129E401147D5400001A465D /* CDataScanner_Extensions.m */ = {isa = PBXFileReference; lastKnownFileType = sourcecode.c.objc; name = CDataScanner_Extensions.m; path = libs/TouchJSON/Extensions/CDataScanner_Extensions.m; sourceTree = "<group>"; };
		B129E403147D5400001A465D /* NSDictionary_JSONExtensions.h */ = {isa = PBXFileReference; name = NSDictionary_JSONExtensions.h; path = libs/TouchJSON/Extensions/NSDictionary_JSONExtensions.h; sourceTree = "<group>"; };
		B129E404147D5400001A465D /* NSDictionary_JSONExtensions.m */ = {isa = PBXFileReference; lastKnownFileType = sourcecode.c.objc; name = NSDictionary_JSONExtensions.m; path = libs/TouchJSON/Extensions/NSDictionary_JSONExtensions.m; sourceTree = "<group>"; };
		B129E407147D5400001A465D /* CJSONDeserializer.h */ = {isa = PBXFileReference; name = CJSONDeserializer.h; path = libs/TouchJSON/JSON/CJSONDeserializer.h; sourceTree = "<group>"; };
		B129E408147D5400001A465D /* CJSONDeserializer.m */ = {isa = PBXFileReference; lastKnownFileType = sourcecode.c.objc; name = CJSONDeserializer.m; path = libs/TouchJSON/JSON/CJSONDeserializer.m; sourceTree = "<group>"; };
		B129E40A147D5400001A465D /* CJSONScanner.h */ = {isa = PBXFileReference; name = CJSONScanner.h; path = libs/TouchJSON/JSON/CJSONScanner.h; sourceTree = "<group>"; };
		B129E40B147D5400001A465D /* CJSONScanner.m */ = {isa = PBXFileReference; lastKnownFileType = sourcecode.c.objc; name = CJSONScanner.m; path = libs/TouchJSON/JSON/CJSONScanner.m; sourceTree = "<group>"; };
		B129E40D147D5400001A465D /* CJSONSerializer.h */ = {isa = PBXFileReference; name = CJSONSerializer.h; path = libs/TouchJSON/JSON/CJSONSerializer.h; sourceTree = "<group>"; };
		B129E40E147D5400001A465D /* CJSONSerializer.m */ = {isa = PBXFileReference; lastKnownFileType = sourcecode.c.objc; name = CJSONSerializer.m; path = libs/TouchJSON/JSON/CJSONSerializer.m; sourceTree = "<group>"; };
		B129E410147D5400001A465D /* JSONRepresentation.h */ = {isa = PBXFileReference; name = JSONRepresentation.h; path = libs/TouchJSON/JSON/JSONRepresentation.h; sourceTree = "<group>"; };
		B129E412147D5400001A465D /* FontLabel.h */ = {isa = PBXFileReference; name = FontLabel.h; path = libs/FontLabel/FontLabel.h; sourceTree = "<group>"; };
		B129E413147D5400001A465D /* FontLabel.m */ = {isa = PBXFileReference; lastKnownFileType = sourcecode.c.objc; name = FontLabel.m; path = libs/FontLabel/FontLabel.m; sourceTree = "<group>"; };
		B129E415147D5400001A465D /* FontLabelStringDrawing.h */ = {isa = PBXFileReference; name = FontLabelStringDrawing.h; path = libs/FontLabel/FontLabelStringDrawing.h; sourceTree = "<group>"; };
		B129E416147D5400001A465D /* FontLabelStringDrawing.m */ = {isa = PBXFileReference; lastKnownFileType = sourcecode.c.objc; name = FontLabelStringDrawing.m; path = libs/FontLabel/FontLabelStringDrawing.m; sourceTree = "<group>"; };
		B129E418147D5400001A465D /* FontManager.h */ = {isa = PBXFileReference; name = FontManager.h; path = libs/FontLabel/FontManager.h; sourceTree = "<group>"; };
		B129E419147D5401001A465D /* FontManager.m */ = {isa = PBXFileReference; lastKnownFileType = sourcecode.c.objc; name = FontManager.m; path = libs/FontLabel/FontManager.m; sourceTree = "<group>"; };
		B129E41B147D5401001A465D /* ZAttributedString.h */ = {isa = PBXFileReference; name = ZAttributedString.h; path = libs/FontLabel/ZAttributedString.h; sourceTree = "<group>"; };
		B129E41C147D5401001A465D /* ZAttributedString.m */ = {isa = PBXFileReference; lastKnownFileType = sourcecode.c.objc; name = ZAttributedString.m; path = libs/FontLabel/ZAttributedString.m; sourceTree = "<group>"; };
		B129E41E147D5401001A465D /* ZAttributedStringPrivate.h */ = {isa = PBXFileReference; name = ZAttributedStringPrivate.h; path = libs/FontLabel/ZAttributedStringPrivate.h; sourceTree = "<group>"; };
		B129E41F147D5401001A465D /* ZFont.h */ = {isa = PBXFileReference; name = ZFont.h; path = libs/FontLabel/ZFont.h; sourceTree = "<group>"; };
		B129E420147D5401001A465D /* ZFont.m */ = {isa = PBXFileReference; lastKnownFileType = sourcecode.c.objc; name = ZFont.m; path = libs/FontLabel/ZFont.m; sourceTree = "<group>"; };
		B129E422147D5401001A465D /* LICENSE_FontLabel.txt */ = {isa = PBXFileReference; name = LICENSE_FontLabel.txt; path = libs/LICENSE_FontLabel.txt; sourceTree = "<group>"; };
		B129E424147D5401001A465D /* Prefix.pch */ = {isa = PBXFileReference; path = Prefix.pch; sourceTree = "<group>"; };
		B129E425147D5401001A465D /* main.m */ = {isa = PBXFileReference; lastKnownFileType = sourcecode.c.objc; path = main.m; sourceTree = "<group>"; };
		B129E427147D5401001A465D /* AppDelegate.h */ = {isa = PBXFileReference; path = AppDelegate.h; sourceTree = "<group>"; };
		B129E428147D5401001A465D /* AppDelegate.m */ = {isa = PBXFileReference; lastKnownFileType = sourcecode.c.objc; path = AppDelegate.m; sourceTree = "<group>"; };
		B129E42A147D5401001A465D /* RootViewController.h */ = {isa = PBXFileReference; path = RootViewController.h; sourceTree = "<group>"; };
		B129E42B147D5401001A465D /* RootViewController.m */ = {isa = PBXFileReference; lastKnownFileType = sourcecode.c.objc; path = RootViewController.m; sourceTree = "<group>"; };
		B129E42D147D5401001A465D /* HelloWorldLayer.h */ = {isa = PBXFileReference; path = HelloWorldLayer.h; sourceTree = "<group>"; };
		B129E42E147D5401001A465D /* HelloWorldLayer.m */ = {isa = PBXFileReference; lastKnownFileType = sourcecode.c.objc; path = HelloWorldLayer.m; sourceTree = "<group>"; };
		B129E430147D5401001A465D /* GameConfig.h */ = {isa = PBXFileReference; path = GameConfig.h; sourceTree = "<group>"; };
/* End PBXFileReference section */

/* Begin PBXFrameworksBuildPhase section */
		B129E2BE147D53FF001A465D /* Frameworks */ = {
			isa = PBXFrameworksBuildPhase;
			buildActionMask = 2147483647;
			files = (
				B129E2C6147D53FF001A465D /* QuartzCore.framework in Frameworks */,
				B129E2C8147D53FF001A465D /* OpenGLES.framework in Frameworks */,
				B129E2CA147D53FF001A465D /* OpenAL.framework in Frameworks */,
				B129E2CC147D53FF001A465D /* AudioToolbox.framework in Frameworks */,
				B129E2CE147D53FF001A465D /* AVFoundation.framework in Frameworks */,
				B129E2D0147D53FF001A465D /* UIKit.framework in Frameworks */,
				B129E2D2147D53FF001A465D /* Foundation.framework in Frameworks */,
				B129E2D4147D53FF001A465D /* CoreGraphics.framework in Frameworks */,
			);
			runOnlyForDeploymentPostprocessing = 0;
		};
/* End PBXFrameworksBuildPhase section */

/* Begin PBXGroup section */
		B129E2B6147D53FE001A465D = {
			isa = PBXGroup;
			children = (
				B129E2D5147D53FF001A465D /* Landslide */,
				B129E2C4147D53FF001A465D /* Frameworks */,
				B129E2C2147D53FF001A465D /* Products */,
			);
			sourceTree = "<group>";
		};
		B129E2C2147D53FF001A465D /* Products */ = {
			isa = PBXGroup;
			children = (
				B129E2C1147D53FF001A465D /* Landslide.app */,
			);
			name = Products;
			sourceTree = "<group>";
		};
		B129E2C4147D53FF001A465D /* Frameworks */ = {
			isa = PBXGroup;
			children = (
				B129E2C5147D53FF001A465D /* QuartzCore.framework */,
				B129E2C7147D53FF001A465D /* OpenGLES.framework */,
				B129E2C9147D53FF001A465D /* OpenAL.framework */,
				B129E2CB147D53FF001A465D /* AudioToolbox.framework */,
				B129E2CD147D53FF001A465D /* AVFoundation.framework */,
				B129E2CF147D53FF001A465D /* UIKit.framework */,
				B129E2D1147D53FF001A465D /* Foundation.framework */,
				B129E2D3147D53FF001A465D /* CoreGraphics.framework */,
			);
			name = Frameworks;
			sourceTree = "<group>";
		};
		B129E2D5147D53FF001A465D /* Landslide */ = {
			isa = PBXGroup;
			children = (
				B129E427147D5401001A465D /* AppDelegate.h */,
				B129E428147D5401001A465D /* AppDelegate.m */,
				B129E42A147D5401001A465D /* RootViewController.h */,
				B129E42B147D5401001A465D /* RootViewController.m */,
				B129E42D147D5401001A465D /* HelloWorldLayer.h */,
				B129E42E147D5401001A465D /* HelloWorldLayer.m */,
				B129E430147D5401001A465D /* GameConfig.h */,
				B129E2D6147D53FF001A465D /* Resources */,
				B129E2EA147D53FF001A465D /* libs */,
				B129E423147D5401001A465D /* Supporting Files */,
			);
			path = Landslide;
			sourceTree = "<group>";
		};
		B129E2D6147D53FF001A465D /* Resources */ = {
			isa = PBXGroup;
			children = (
				B129E2D7147D53FF001A465D /* Default.png */,
				B129E2D9147D53FF001A465D /* fps_images.png */,
				B129E2DB147D53FF001A465D /* Icon-72.png */,
				B129E2DD147D53FF001A465D /* Icon-Small-50.png */,
				B129E2DF147D53FF001A465D /* Icon-Small.png */,
				B129E2E1147D53FF001A465D /* Icon-Small@2x.png */,
				B129E2E3147D53FF001A465D /* Icon.png */,
				B129E2E5147D53FF001A465D /* Icon@2x.png */,
				B129E2E7147D53FF001A465D /* Info.plist */,
				B129E2E8147D53FF001A465D /* iTunesArtwork */,
			);
			name = Resources;
			sourceTree = "<group>";
		};
		B129E2EA147D53FF001A465D /* libs */ = {
			isa = PBXGroup;
			children = (
				B129E3E0147D5400001A465D /* LICENSE_cocos2d.txt */,
				B129E3EF147D5400001A465D /* LICENSE_CocosDenshion.txt */,
				B129E3FA147D5400001A465D /* LICENSE_TouchJSON.txt */,
				B129E422147D5401001A465D /* LICENSE_FontLabel.txt */,
				B129E2EB147D53FF001A465D /* cocos2d */,
				B129E3E1147D5400001A465D /* CocosDenshion */,
				B129E3F0147D5400001A465D /* cocoslive */,
				B129E3FB147D5400001A465D /* TouchJSON */,
				B129E411147D5400001A465D /* FontLabel */,
			);
			name = libs;
			sourceTree = "<group>";
		};
		B129E2EB147D53FF001A465D /* cocos2d */ = {
			isa = PBXGroup;
			children = (
				B129E2EC147D53FF001A465D /* CCAction.h */,
				B129E2ED147D53FF001A465D /* CCAction.m */,
				B129E2EF147D53FF001A465D /* CCActionCamera.h */,
				B129E2F0147D53FF001A465D /* CCActionCamera.m */,
				B129E2F2147D53FF001A465D /* CCActionEase.h */,
				B129E2F3147D53FF001A465D /* CCActionEase.m */,
				B129E2F5147D53FF001A465D /* CCActionGrid.h */,
				B129E2F6147D53FF001A465D /* CCActionGrid.m */,
				B129E2F8147D53FF001A465D /* CCActionGrid3D.h */,
				B129E2F9147D53FF001A465D /* CCActionGrid3D.m */,
				B129E2FB147D53FF001A465D /* CCActionInstant.h */,
				B129E2FC147D53FF001A465D /* CCActionInstant.m */,
				B129E2FE147D53FF001A465D /* CCActionInterval.h */,
				B129E2FF147D53FF001A465D /* CCActionInterval.m */,
				B129E301147D53FF001A465D /* CCActionManager.h */,
				B129E302147D53FF001A465D /* CCActionManager.m */,
				B129E304147D53FF001A465D /* CCActionPageTurn3D.h */,
				B129E305147D53FF001A465D /* CCActionPageTurn3D.m */,
				B129E307147D53FF001A465D /* CCActionProgressTimer.h */,
				B129E308147D53FF001A465D /* CCActionProgressTimer.m */,
				B129E30A147D53FF001A465D /* CCActionTiledGrid.h */,
				B129E30B147D53FF001A465D /* CCActionTiledGrid.m */,
				B129E30D147D53FF001A465D /* CCActionTween.h */,
				B129E30E147D53FF001A465D /* CCActionTween.m */,
				B129E310147D53FF001A465D /* CCAnimation.h */,
				B129E311147D53FF001A465D /* CCAnimation.m */,
				B129E313147D53FF001A465D /* CCAnimationCache.h */,
				B129E314147D53FF001A465D /* CCAnimationCache.m */,
				B129E316147D53FF001A465D /* CCAtlasNode.h */,
				B129E317147D53FF001A465D /* CCAtlasNode.m */,
				B129E319147D53FF001A465D /* CCBlockSupport.h */,
				B129E31A147D53FF001A465D /* CCBlockSupport.m */,
				B129E31C147D53FF001A465D /* CCCamera.h */,
				B129E31D147D53FF001A465D /* CCCamera.m */,
				B129E31F147D53FF001A465D /* ccConfig.h */,
				B129E320147D53FF001A465D /* CCConfiguration.h */,
				B129E321147D53FF001A465D /* CCConfiguration.m */,
				B129E323147D53FF001A465D /* CCDirector.h */,
				B129E324147D53FF001A465D /* CCDirector.m */,
				B129E326147D53FF001A465D /* CCDrawingPrimitives.h */,
				B129E327147D53FF001A465D /* CCDrawingPrimitives.m */,
				B129E329147D53FF001A465D /* CCGrabber.h */,
				B129E32A147D53FF001A465D /* CCGrabber.m */,
				B129E32C147D53FF001A465D /* CCGrid.h */,
				B129E32D147D53FF001A465D /* CCGrid.m */,
				B129E32F147D53FF001A465D /* CCLabelAtlas.h */,
				B129E330147D53FF001A465D /* CCLabelAtlas.m */,
				B129E332147D53FF001A465D /* CCLabelBMFont.h */,
				B129E333147D53FF001A465D /* CCLabelBMFont.m */,
				B129E335147D53FF001A465D /* CCLabelTTF.h */,
				B129E336147D53FF001A465D /* CCLabelTTF.m */,
				B129E338147D53FF001A465D /* CCLayer.h */,
				B129E339147D53FF001A465D /* CCLayer.m */,
				B129E33B147D53FF001A465D /* ccMacros.h */,
				B129E33C147D53FF001A465D /* CCMenu.h */,
				B129E33D147D53FF001A465D /* CCMenu.m */,
				B129E33F147D53FF001A465D /* CCMenuItem.h */,
				B129E340147D53FF001A465D /* CCMenuItem.m */,
				B129E342147D53FF001A465D /* CCMotionStreak.h */,
				B129E343147D53FF001A465D /* CCMotionStreak.m */,
				B129E345147D53FF001A465D /* CCNode.h */,
				B129E346147D53FF001A465D /* CCNode.m */,
				B129E348147D53FF001A465D /* CCParallaxNode.h */,
				B129E349147D53FF001A465D /* CCParallaxNode.m */,
				B129E34B147D53FF001A465D /* CCParticleExamples.h */,
				B129E34C147D53FF001A465D /* CCParticleExamples.m */,
				B129E34E147D53FF001A465D /* CCParticleSystem.h */,
				B129E34F147D53FF001A465D /* CCParticleSystem.m */,
				B129E351147D53FF001A465D /* CCParticleSystemPoint.h */,
				B129E352147D53FF001A465D /* CCParticleSystemPoint.m */,
				B129E354147D53FF001A465D /* CCParticleSystemQuad.h */,
				B129E355147D53FF001A465D /* CCParticleSystemQuad.m */,
				B129E357147D53FF001A465D /* CCProgressTimer.h */,
				B129E358147D53FF001A465D /* CCProgressTimer.m */,
				B129E35A147D53FF001A465D /* CCProtocols.h */,
				B129E35B147D53FF001A465D /* CCRenderTexture.h */,
				B129E35C147D53FF001A465D /* CCRenderTexture.m */,
				B129E35E147D53FF001A465D /* CCRibbon.h */,
				B129E35F147D53FF001A465D /* CCRibbon.m */,
				B129E361147D53FF001A465D /* CCScene.h */,
				B129E362147D53FF001A465D /* CCScene.m */,
				B129E364147D53FF001A465D /* CCScheduler.h */,
				B129E365147D53FF001A465D /* CCScheduler.m */,
				B129E367147D53FF001A465D /* CCSprite.h */,
				B129E368147D53FF001A465D /* CCSprite.m */,
				B129E36A147D53FF001A465D /* CCSpriteBatchNode.h */,
				B129E36B147D53FF001A465D /* CCSpriteBatchNode.m */,
				B129E36D147D53FF001A465D /* CCSpriteFrame.h */,
				B129E36E147D53FF001A465D /* CCSpriteFrame.m */,
				B129E370147D53FF001A465D /* CCSpriteFrameCache.h */,
				B129E371147D53FF001A465D /* CCSpriteFrameCache.m */,
				B129E373147D53FF001A465D /* CCTexture2D.h */,
				B129E374147D53FF001A465D /* CCTexture2D.m */,
				B129E376147D53FF001A465D /* CCTextureAtlas.h */,
				B129E377147D53FF001A465D /* CCTextureAtlas.m */,
				B129E379147D5400001A465D /* CCTextureCache.h */,
				B129E37A147D5400001A465D /* CCTextureCache.m */,
				B129E37C147D5400001A465D /* CCTexturePVR.h */,
				B129E37D147D5400001A465D /* CCTexturePVR.m */,
				B129E37F147D5400001A465D /* CCTileMapAtlas.h */,
				B129E380147D5400001A465D /* CCTileMapAtlas.m */,
				B129E382147D5400001A465D /* CCTMXLayer.h */,
				B129E383147D5400001A465D /* CCTMXLayer.m */,
				B129E385147D5400001A465D /* CCTMXObjectGroup.h */,
				B129E386147D5400001A465D /* CCTMXObjectGroup.m */,
				B129E388147D5400001A465D /* CCTMXTiledMap.h */,
				B129E389147D5400001A465D /* CCTMXTiledMap.m */,
				B129E38B147D5400001A465D /* CCTMXXMLParser.h */,
				B129E38C147D5400001A465D /* CCTMXXMLParser.m */,
				B129E38E147D5400001A465D /* CCTransition.h */,
				B129E38F147D5400001A465D /* CCTransition.m */,
				B129E391147D5400001A465D /* CCTransitionPageTurn.h */,
				B129E392147D5400001A465D /* CCTransitionPageTurn.m */,
				B129E394147D5400001A465D /* CCTransitionRadial.h */,
				B129E395147D5400001A465D /* CCTransitionRadial.m */,
				B129E397147D5400001A465D /* ccTypes.h */,
				B129E398147D5400001A465D /* cocos2d.h */,
				B129E399147D5400001A465D /* cocos2d.m */,
				B129E39B147D5400001A465D /* Platforms */,
				B129E3C0147D5400001A465D /* Support */,
			);
			name = cocos2d;
			sourceTree = "<group>";
		};
		B129E39B147D5400001A465D /* Platforms */ = {
			isa = PBXGroup;
			children = (
				B129E39C147D5400001A465D /* CCGL.h */,
				B129E39D147D5400001A465D /* CCNS.h */,
				B129E39E147D5400001A465D /* iOS */,
				B129E3B3147D5400001A465D /* Mac */,
			);
			name = Platforms;
			sourceTree = "<group>";
		};
		B129E39E147D5400001A465D /* iOS */ = {
			isa = PBXGroup;
			children = (
				B129E39F147D5400001A465D /* CCDirectorIOS.h */,
				B129E3A0147D5400001A465D /* CCDirectorIOS.m */,
				B129E3A2147D5400001A465D /* CCTouchDelegateProtocol.h */,
				B129E3A3147D5400001A465D /* CCTouchDispatcher.h */,
				B129E3A4147D5400001A465D /* CCTouchDispatcher.m */,
				B129E3A6147D5400001A465D /* CCTouchHandler.h */,
				B129E3A7147D5400001A465D /* CCTouchHandler.m */,
				B129E3A9147D5400001A465D /* EAGLView.h */,
				B129E3AA147D5400001A465D /* EAGLView.m */,
				B129E3AC147D5400001A465D /* ES1Renderer.h */,
				B129E3AD147D5400001A465D /* ES1Renderer.m */,
				B129E3AF147D5400001A465D /* ESRenderer.h */,
				B129E3B0147D5400001A465D /* glu.c */,
				B129E3B2147D5400001A465D /* glu.h */,
			);
			name = iOS;
			sourceTree = "<group>";
		};
		B129E3B3147D5400001A465D /* Mac */ = {
			isa = PBXGroup;
			children = (
				B129E3B4147D5400001A465D /* CCDirectorMac.h */,
				B129E3B5147D5400001A465D /* CCDirectorMac.m */,
				B129E3B7147D5400001A465D /* CCEventDispatcher.h */,
				B129E3B8147D5400001A465D /* CCEventDispatcher.m */,
				B129E3BA147D5400001A465D /* MacGLView.h */,
				B129E3BB147D5400001A465D /* MacGLView.m */,
				B129E3BD147D5400001A465D /* MacWindow.h */,
				B129E3BE147D5400001A465D /* MacWindow.m */,
			);
			name = Mac;
			sourceTree = "<group>";
		};
		B129E3C0147D5400001A465D /* Support */ = {
			isa = PBXGroup;
			children = (
				B129E3C1147D5400001A465D /* base64.c */,
				B129E3C3147D5400001A465D /* base64.h */,
				B129E3C4147D5400001A465D /* CCArray.h */,
				B129E3C5147D5400001A465D /* CCArray.m */,
				B129E3C7147D5400001A465D /* ccCArray.h */,
				B129E3C8147D5400001A465D /* CCFileUtils.h */,
				B129E3C9147D5400001A465D /* CCFileUtils.m */,
				B129E3CB147D5400001A465D /* CCProfiling.h */,
				B129E3CC147D5400001A465D /* CCProfiling.m */,
				B129E3CE147D5400001A465D /* ccUtils.c */,
				B129E3D0147D5400001A465D /* ccUtils.h */,
				B129E3D1147D5400001A465D /* CGPointExtension.h */,
				B129E3D2147D5400001A465D /* CGPointExtension.m */,
				B129E3D4147D5400001A465D /* OpenGL_Internal.h */,
				B129E3D5147D5400001A465D /* TGAlib.h */,
				B129E3D6147D5400001A465D /* TGAlib.m */,
				B129E3D8147D5400001A465D /* TransformUtils.h */,
				B129E3D9147D5400001A465D /* TransformUtils.m */,
				B129E3DB147D5400001A465D /* uthash.h */,
				B129E3DC147D5400001A465D /* utlist.h */,
				B129E3DD147D5400001A465D /* ZipUtils.h */,
				B129E3DE147D5400001A465D /* ZipUtils.m */,
			);
			name = Support;
			sourceTree = "<group>";
		};
		B129E3E1147D5400001A465D /* CocosDenshion */ = {
			isa = PBXGroup;
			children = (
				B129E3E2147D5400001A465D /* CDAudioManager.h */,
				B129E3E3147D5400001A465D /* CDAudioManager.m */,
				B129E3E5147D5400001A465D /* CDConfig.h */,
				B129E3E6147D5400001A465D /* CDOpenALSupport.h */,
				B129E3E7147D5400001A465D /* CDOpenALSupport.m */,
				B129E3E9147D5400001A465D /* CocosDenshion.h */,
				B129E3EA147D5400001A465D /* CocosDenshion.m */,
				B129E3EC147D5400001A465D /* SimpleAudioEngine.h */,
				B129E3ED147D5400001A465D /* SimpleAudioEngine.m */,
			);
			name = CocosDenshion;
			sourceTree = "<group>";
		};
		B129E3F0147D5400001A465D /* cocoslive */ = {
			isa = PBXGroup;
			children = (
				B129E3F1147D5400001A465D /* CLScoreServerPost.h */,
				B129E3F2147D5400001A465D /* CLScoreServerPost.m */,
				B129E3F4147D5400001A465D /* CLScoreServerRequest.h */,
				B129E3F5147D5400001A465D /* CLScoreServerRequest.m */,
				B129E3F7147D5400001A465D /* cocoslive.h */,
				B129E3F8147D5400001A465D /* cocoslive.m */,
			);
			name = cocoslive;
			sourceTree = "<group>";
		};
		B129E3FB147D5400001A465D /* TouchJSON */ = {
			isa = PBXGroup;
			children = (
				B129E3FC147D5400001A465D /* CDataScanner.h */,
				B129E3FD147D5400001A465D /* CDataScanner.m */,
				B129E3FF147D5400001A465D /* Extensions */,
				B129E406147D5400001A465D /* JSON */,
			);
			name = TouchJSON;
			sourceTree = "<group>";
		};
		B129E3FF147D5400001A465D /* Extensions */ = {
			isa = PBXGroup;
			children = (
				B129E400147D5400001A465D /* CDataScanner_Extensions.h */,
				B129E401147D5400001A465D /* CDataScanner_Extensions.m */,
				B129E403147D5400001A465D /* NSDictionary_JSONExtensions.h */,
				B129E404147D5400001A465D /* NSDictionary_JSONExtensions.m */,
			);
			name = Extensions;
			sourceTree = "<group>";
		};
		B129E406147D5400001A465D /* JSON */ = {
			isa = PBXGroup;
			children = (
				B129E407147D5400001A465D /* CJSONDeserializer.h */,
				B129E408147D5400001A465D /* CJSONDeserializer.m */,
				B129E40A147D5400001A465D /* CJSONScanner.h */,
				B129E40B147D5400001A465D /* CJSONScanner.m */,
				B129E40D147D5400001A465D /* CJSONSerializer.h */,
				B129E40E147D5400001A465D /* CJSONSerializer.m */,
				B129E410147D5400001A465D /* JSONRepresentation.h */,
			);
			name = JSON;
			sourceTree = "<group>";
		};
		B129E411147D5400001A465D /* FontLabel */ = {
			isa = PBXGroup;
			children = (
				B129E412147D5400001A465D /* FontLabel.h */,
				B129E413147D5400001A465D /* FontLabel.m */,
				B129E415147D5400001A465D /* FontLabelStringDrawing.h */,
				B129E416147D5400001A465D /* FontLabelStringDrawing.m */,
				B129E418147D5400001A465D /* FontManager.h */,
				B129E419147D5401001A465D /* FontManager.m */,
				B129E41B147D5401001A465D /* ZAttributedString.h */,
				B129E41C147D5401001A465D /* ZAttributedString.m */,
				B129E41E147D5401001A465D /* ZAttributedStringPrivate.h */,
				B129E41F147D5401001A465D /* ZFont.h */,
				B129E420147D5401001A465D /* ZFont.m */,
			);
			name = FontLabel;
			sourceTree = "<group>";
		};
		B129E423147D5401001A465D /* Supporting Files */ = {
			isa = PBXGroup;
			children = (
				B129E424147D5401001A465D /* Prefix.pch */,
				B129E425147D5401001A465D /* main.m */,
			);
			name = "Supporting Files";
			sourceTree = "<group>";
		};
/* End PBXGroup section */

/* Begin PBXNativeTarget section */
		B129E2C0147D53FF001A465D /* Landslide */ = {
			isa = PBXNativeTarget;
			buildConfigurationList = B129E433147D5401001A465D /* Build configuration list for PBXNativeTarget "Landslide" */;
			buildPhases = (
				B129E2BD147D53FF001A465D /* Sources */,
				B129E2BE147D53FF001A465D /* Frameworks */,
				B129E2BF147D53FF001A465D /* Resources */,
			);
			buildRules = (
			);
			dependencies = (
			);
			name = Landslide;
			productName = Landslide;
			productReference = B129E2C1147D53FF001A465D /* Landslide.app */;
			productType = "com.apple.product-type.application";
		};
/* End PBXNativeTarget section */

/* Begin PBXProject section */
		B129E2B8147D53FE001A465D /* Project object */ = {
			isa = PBXProject;
			attributes = {
				LastUpgradeCheck = 0420;
				ORGANIZATIONNAME = "UC Berkeley";
			};
			buildConfigurationList = B129E2BB147D53FE001A465D /* Build configuration list for PBXProject "Landslide" */;
			compatibilityVersion = "Xcode 3.2";
			developmentRegion = English;
			hasScannedForEncodings = 0;
			knownRegions = (
				en,
			);
			mainGroup = B129E2B6147D53FE001A465D;
			productRefGroup = B129E2C2147D53FF001A465D /* Products */;
			projectDirPath = "";
			projectRoot = "";
			targets = (
				B129E2C0147D53FF001A465D /* Landslide */,
			);
		};
/* End PBXProject section */

/* Begin PBXResourcesBuildPhase section */
		B129E2BF147D53FF001A465D /* Resources */ = {
			isa = PBXResourcesBuildPhase;
			buildActionMask = 2147483647;
			files = (
				B129E2D8147D53FF001A465D /* Default.png in Resources */,
				B129E2DA147D53FF001A465D /* fps_images.png in Resources */,
				B129E2DC147D53FF001A465D /* Icon-72.png in Resources */,
				B129E2DE147D53FF001A465D /* Icon-Small-50.png in Resources */,
				B129E2E0147D53FF001A465D /* Icon-Small.png in Resources */,
				B129E2E2147D53FF001A465D /* Icon-Small@2x.png in Resources */,
				B129E2E4147D53FF001A465D /* Icon.png in Resources */,
				B129E2E6147D53FF001A465D /* Icon@2x.png in Resources */,
				B129E2E9147D53FF001A465D /* iTunesArtwork in Resources */,
			);
			runOnlyForDeploymentPostprocessing = 0;
		};
/* End PBXResourcesBuildPhase section */

/* Begin PBXSourcesBuildPhase section */
		B129E2BD147D53FF001A465D /* Sources */ = {
			isa = PBXSourcesBuildPhase;
			buildActionMask = 2147483647;
			files = (
				B129E2EE147D53FF001A465D /* CCAction.m in Sources */,
				B129E2F1147D53FF001A465D /* CCActionCamera.m in Sources */,
				B129E2F4147D53FF001A465D /* CCActionEase.m in Sources */,
				B129E2F7147D53FF001A465D /* CCActionGrid.m in Sources */,
				B129E2FA147D53FF001A465D /* CCActionGrid3D.m in Sources */,
				B129E2FD147D53FF001A465D /* CCActionInstant.m in Sources */,
				B129E300147D53FF001A465D /* CCActionInterval.m in Sources */,
				B129E303147D53FF001A465D /* CCActionManager.m in Sources */,
				B129E306147D53FF001A465D /* CCActionPageTurn3D.m in Sources */,
				B129E309147D53FF001A465D /* CCActionProgressTimer.m in Sources */,
				B129E30C147D53FF001A465D /* CCActionTiledGrid.m in Sources */,
				B129E30F147D53FF001A465D /* CCActionTween.m in Sources */,
				B129E312147D53FF001A465D /* CCAnimation.m in Sources */,
				B129E315147D53FF001A465D /* CCAnimationCache.m in Sources */,
				B129E318147D53FF001A465D /* CCAtlasNode.m in Sources */,
				B129E31B147D53FF001A465D /* CCBlockSupport.m in Sources */,
				B129E31E147D53FF001A465D /* CCCamera.m in Sources */,
				B129E322147D53FF001A465D /* CCConfiguration.m in Sources */,
				B129E325147D53FF001A465D /* CCDirector.m in Sources */,
				B129E328147D53FF001A465D /* CCDrawingPrimitives.m in Sources */,
				B129E32B147D53FF001A465D /* CCGrabber.m in Sources */,
				B129E32E147D53FF001A465D /* CCGrid.m in Sources */,
				B129E331147D53FF001A465D /* CCLabelAtlas.m in Sources */,
				B129E334147D53FF001A465D /* CCLabelBMFont.m in Sources */,
				B129E337147D53FF001A465D /* CCLabelTTF.m in Sources */,
				B129E33A147D53FF001A465D /* CCLayer.m in Sources */,
				B129E33E147D53FF001A465D /* CCMenu.m in Sources */,
				B129E341147D53FF001A465D /* CCMenuItem.m in Sources */,
				B129E344147D53FF001A465D /* CCMotionStreak.m in Sources */,
				B129E347147D53FF001A465D /* CCNode.m in Sources */,
				B129E34A147D53FF001A465D /* CCParallaxNode.m in Sources */,
				B129E34D147D53FF001A465D /* CCParticleExamples.m in Sources */,
				B129E350147D53FF001A465D /* CCParticleSystem.m in Sources */,
				B129E353147D53FF001A465D /* CCParticleSystemPoint.m in Sources */,
				B129E356147D53FF001A465D /* CCParticleSystemQuad.m in Sources */,
				B129E359147D53FF001A465D /* CCProgressTimer.m in Sources */,
				B129E35D147D53FF001A465D /* CCRenderTexture.m in Sources */,
				B129E360147D53FF001A465D /* CCRibbon.m in Sources */,
				B129E363147D53FF001A465D /* CCScene.m in Sources */,
				B129E366147D53FF001A465D /* CCScheduler.m in Sources */,
				B129E369147D53FF001A465D /* CCSprite.m in Sources */,
				B129E36C147D53FF001A465D /* CCSpriteBatchNode.m in Sources */,
				B129E36F147D53FF001A465D /* CCSpriteFrame.m in Sources */,
				B129E372147D53FF001A465D /* CCSpriteFrameCache.m in Sources */,
				B129E375147D53FF001A465D /* CCTexture2D.m in Sources */,
				B129E378147D53FF001A465D /* CCTextureAtlas.m in Sources */,
				B129E37B147D5400001A465D /* CCTextureCache.m in Sources */,
				B129E37E147D5400001A465D /* CCTexturePVR.m in Sources */,
				B129E381147D5400001A465D /* CCTileMapAtlas.m in Sources */,
				B129E384147D5400001A465D /* CCTMXLayer.m in Sources */,
				B129E387147D5400001A465D /* CCTMXObjectGroup.m in Sources */,
				B129E38A147D5400001A465D /* CCTMXTiledMap.m in Sources */,
				B129E38D147D5400001A465D /* CCTMXXMLParser.m in Sources */,
				B129E390147D5400001A465D /* CCTransition.m in Sources */,
				B129E393147D5400001A465D /* CCTransitionPageTurn.m in Sources */,
				B129E396147D5400001A465D /* CCTransitionRadial.m in Sources */,
				B129E39A147D5400001A465D /* cocos2d.m in Sources */,
				B129E3A1147D5400001A465D /* CCDirectorIOS.m in Sources */,
				B129E3A5147D5400001A465D /* CCTouchDispatcher.m in Sources */,
				B129E3A8147D5400001A465D /* CCTouchHandler.m in Sources */,
				B129E3AB147D5400001A465D /* EAGLView.m in Sources */,
				B129E3AE147D5400001A465D /* ES1Renderer.m in Sources */,
				B129E3B1147D5400001A465D /* glu.c in Sources */,
				B129E3B6147D5400001A465D /* CCDirectorMac.m in Sources */,
				B129E3B9147D5400001A465D /* CCEventDispatcher.m in Sources */,
				B129E3BC147D5400001A465D /* MacGLView.m in Sources */,
				B129E3BF147D5400001A465D /* MacWindow.m in Sources */,
				B129E3C2147D5400001A465D /* base64.c in Sources */,
				B129E3C6147D5400001A465D /* CCArray.m in Sources */,
				B129E3CA147D5400001A465D /* CCFileUtils.m in Sources */,
				B129E3CD147D5400001A465D /* CCProfiling.m in Sources */,
				B129E3CF147D5400001A465D /* ccUtils.c in Sources */,
				B129E3D3147D5400001A465D /* CGPointExtension.m in Sources */,
				B129E3D7147D5400001A465D /* TGAlib.m in Sources */,
				B129E3DA147D5400001A465D /* TransformUtils.m in Sources */,
				B129E3DF147D5400001A465D /* ZipUtils.m in Sources */,
				B129E3E4147D5400001A465D /* CDAudioManager.m in Sources */,
				B129E3E8147D5400001A465D /* CDOpenALSupport.m in Sources */,
				B129E3EB147D5400001A465D /* CocosDenshion.m in Sources */,
				B129E3EE147D5400001A465D /* SimpleAudioEngine.m in Sources */,
				B129E3F3147D5400001A465D /* CLScoreServerPost.m in Sources */,
				B129E3F6147D5400001A465D /* CLScoreServerRequest.m in Sources */,
				B129E3F9147D5400001A465D /* cocoslive.m in Sources */,
				B129E3FE147D5400001A465D /* CDataScanner.m in Sources */,
				B129E402147D5400001A465D /* CDataScanner_Extensions.m in Sources */,
				B129E405147D5400001A465D /* NSDictionary_JSONExtensions.m in Sources */,
				B129E409147D5400001A465D /* CJSONDeserializer.m in Sources */,
				B129E40C147D5400001A465D /* CJSONScanner.m in Sources */,
				B129E40F147D5400001A465D /* CJSONSerializer.m in Sources */,
				B129E414147D5400001A465D /* FontLabel.m in Sources */,
				B129E417147D5400001A465D /* FontLabelStringDrawing.m in Sources */,
				B129E41A147D5401001A465D /* FontManager.m in Sources */,
				B129E41D147D5401001A465D /* ZAttributedString.m in Sources */,
				B129E421147D5401001A465D /* ZFont.m in Sources */,
				B129E426147D5401001A465D /* main.m in Sources */,
				B129E429147D5401001A465D /* AppDelegate.m in Sources */,
				B129E42C147D5401001A465D /* RootViewController.m in Sources */,
				B129E42F147D5401001A465D /* HelloWorldLayer.m in Sources */,
			);
			runOnlyForDeploymentPostprocessing = 0;
		};
/* End PBXSourcesBuildPhase section */

/* Begin XCBuildConfiguration section */
		B129E431147D5401001A465D /* Debug */ = {
			isa = XCBuildConfiguration;
			buildSettings = {
				ARCHS = "$(ARCHS_STANDARD_32_BIT)";
				"CODE_SIGN_IDENTITY[sdk=iphoneos*]" = "iPhone Developer";
				GCC_C_LANGUAGE_STANDARD = gnu99;
				GCC_OPTIMIZATION_LEVEL = 0;
				GCC_PREPROCESSOR_DEFINITIONS = (
					DEBUG,
					"COCOS2D_DEBUG=1",
				);
				GCC_SYMBOLS_PRIVATE_EXTERN = NO;
				GCC_VERSION = com.apple.compilers.llvmgcc42;
				GCC_WARN_ABOUT_RETURN_TYPE = YES;
				GCC_WARN_UNUSED_VARIABLE = YES;
				IPHONEOS_DEPLOYMENT_TARGET = 5.0;
				SDKROOT = iphoneos;
			};
			name = Debug;
		};
		B129E432147D5401001A465D /* Release */ = {
			isa = XCBuildConfiguration;
			buildSettings = {
				ARCHS = "$(ARCHS_STANDARD_32_BIT)";
				"CODE_SIGN_IDENTITY[sdk=iphoneos*]" = "iPhone Developer";
				GCC_C_LANGUAGE_STANDARD = gnu99;
				GCC_PREPROCESSOR_DEFINITIONS = NDEBUG;
				GCC_VERSION = com.apple.compilers.llvmgcc42;
				GCC_WARN_ABOUT_RETURN_TYPE = YES;
				GCC_WARN_UNUSED_VARIABLE = YES;
				IPHONEOS_DEPLOYMENT_TARGET = 5.0;
				OTHER_CFLAGS = "-DNS_BLOCK_ASSERTIONS=1";
				SDKROOT = iphoneos;
			};
			name = Release;
		};
		B129E434147D5401001A465D /* Debug */ = {
			isa = XCBuildConfiguration;
			buildSettings = {
				ALWAYS_SEARCH_USER_PATHS = NO;
				COPY_PHASE_STRIP = NO;
				GCC_DYNAMIC_NO_PIC = NO;
				GCC_PRECOMPILE_PREFIX_HEADER = YES;
				GCC_PREFIX_HEADER = Landslide/Prefix.pch;
				"GCC_THUMB_SUPPORT[arch=armv6]" = "";
				INFOPLIST_FILE = Landslide/Resources/Info.plist;
				OTHER_LDFLAGS = "-lz";
				PRODUCT_NAME = "$(TARGET_NAME)";
				WRAPPER_EXTENSION = app;
			};
			name = Debug;
		};
		B129E435147D5401001A465D /* Release */ = {
			isa = XCBuildConfiguration;
			buildSettings = {
				ALWAYS_SEARCH_USER_PATHS = NO;
				COPY_PHASE_STRIP = YES;
				GCC_PRECOMPILE_PREFIX_HEADER = YES;
				GCC_PREFIX_HEADER = Landslide/Prefix.pch;
				"GCC_THUMB_SUPPORT[arch=armv6]" = "";
				INFOPLIST_FILE = Landslide/Resources/Info.plist;
				OTHER_LDFLAGS = "-lz";
				PRODUCT_NAME = "$(TARGET_NAME)";
				VALIDATE_PRODUCT = YES;
				WRAPPER_EXTENSION = app;
			};
			name = Release;
		};
/* End XCBuildConfiguration section */

/* Begin XCConfigurationList section */
		B129E2BB147D53FE001A465D /* Build configuration list for PBXProject "Landslide" */ = {
			isa = XCConfigurationList;
			buildConfigurations = (
				B129E431147D5401001A465D /* Debug */,
				B129E432147D5401001A465D /* Release */,
			);
			defaultConfigurationIsVisible = 0;
			defaultConfigurationName = Release;
		};
		B129E433147D5401001A465D /* Build configuration list for PBXNativeTarget "Landslide" */ = {
			isa = XCConfigurationList;
			buildConfigurations = (
				B129E434147D5401001A465D /* Debug */,
				B129E435147D5401001A465D /* Release */,
			);
			defaultConfigurationIsVisible = 0;
		};
/* End XCConfigurationList section */
	};
	rootObject = B129E2B8147D53FE001A465D /* Project object */;
}
